# THIS IS AN AUTOGENERATED FILE. DO NOT EDIT THIS FILE DIRECTLY.
# yarn lockfile v1


"@abp/aspnetcore.mvc.ui.theme.basic@~9.0.7":
  version "9.0.7"
  resolved "https://registry.yarnpkg.com/@abp/aspnetcore.mvc.ui.theme.basic/-/aspnetcore.mvc.ui.theme.basic-9.0.7.tgz#e82e382b260c49b6eed08f6b62d002b9354d23aa"
  integrity sha512-EDicsc6xVlgJ+7xVmdYZzZ4l6tXVI5W8JnpUKKSYUjHaeuVnru6iuSeYwcJ8/iruw3YxHo7e3z1CUnEtSIj8MA==
  dependencies:
    "@abp/aspnetcore.mvc.ui.theme.shared" "~9.0.7"

"@abp/aspnetcore.mvc.ui.theme.shared@~9.0.7":
  version "9.0.7"
  resolved "https://registry.yarnpkg.com/@abp/aspnetcore.mvc.ui.theme.shared/-/aspnetcore.mvc.ui.theme.shared-9.0.7.tgz#1212b0eacd84f53cabdd0a521935b1a39e109940"
  integrity sha512-4sn/KukDNIgCnfjnjGMJXoquMBYSzay+IyfNCFdcE2L/EhhtnCKC8ErsRsc7cZkp1tSwCOxk9lgFqjcud1VLeg==
  dependencies:
    "@abp/aspnetcore.mvc.ui" "~9.0.7"
    "@abp/bootstrap" "~9.0.7"
    "@abp/bootstrap-datepicker" "~9.0.7"
    "@abp/bootstrap-daterangepicker" "~9.0.7"
    "@abp/datatables.net-bs5" "~9.0.7"
    "@abp/font-awesome" "~9.0.7"
    "@abp/jquery-form" "~9.0.7"
    "@abp/jquery-validation-unobtrusive" "~9.0.7"
    "@abp/lodash" "~9.0.7"
    "@abp/luxon" "~9.0.7"
    "@abp/malihu-custom-scrollbar-plugin" "~9.0.7"
    "@abp/moment" "~9.0.7"
    "@abp/select2" "~9.0.7"
    "@abp/sweetalert2" "~9.0.7"
    "@abp/timeago" "~9.0.7"
    "@abp/toastr" "~9.0.7"

"@abp/aspnetcore.mvc.ui@~9.0.7":
  version "9.0.7"
  resolved "https://registry.yarnpkg.com/@abp/aspnetcore.mvc.ui/-/aspnetcore.mvc.ui-9.0.7.tgz#a2716cf91c99b3ccdc25dce95252828e4ffd9927"
  integrity sha512-pUo8rjySydChQpxbBXtpsvRN4ZCyCaNODTqG4EUVkr8wj1QtdJ3jm2WhCpNRtdQwcFfWyhjzanfoM0xHoRx/Iw==
  dependencies:
    ansi-colors "^4.1.3"

"@abp/bootstrap-datepicker@~9.0.7":
  version "9.0.7"
  resolved "https://registry.yarnpkg.com/@abp/bootstrap-datepicker/-/bootstrap-datepicker-9.0.7.tgz#73f7188127a2afa997e3bd8b6d52f4adcfa227d7"
  integrity sha512-LBXkUUskWqCcc4JhTHhpxsq4K4mC20Vz3qHobQsY8hAfVPww6CrjvxGVXtOO0hcYUvT5A9DK1yMOrRXhoDl07Q==
  dependencies:
    bootstrap-datepicker "^1.10.0"

"@abp/bootstrap-daterangepicker@~9.0.7":
  version "9.0.7"
  resolved "https://registry.yarnpkg.com/@abp/bootstrap-daterangepicker/-/bootstrap-daterangepicker-9.0.7.tgz#96c38955ff695b89a0341748a5ae8610812651dd"
  integrity sha512-3Qe0h0+JDwqWugSvaNw6/7suik6DxnwNVPSQufUeuZoKeuUmWbPwt8JfEzAqpIKCIpTZokI4fd60ecJNvz699A==
  dependencies:
    bootstrap-daterangepicker "^3.1.0"

"@abp/bootstrap@~9.0.7":
  version "9.0.7"
  resolved "https://registry.yarnpkg.com/@abp/bootstrap/-/bootstrap-9.0.7.tgz#d320c00b8fdb150d74968586b334c0c11203b2c2"
  integrity sha512-tXMXeSVq1mmOppl5oDIUP7jJOEdd7LQ8EQTyp6s4bcOop68QSOpbKqxHsuGEWkkKdMq+a9EXDylloinvt8prbg==
  dependencies:
    "@abp/core" "~9.0.7"
    bootstrap "^5.3.3"

"@abp/clipboard@~9.0.7":
  version "9.0.7"
  resolved "https://registry.yarnpkg.com/@abp/clipboard/-/clipboard-9.0.7.tgz#b043e966845c1c830296ca4b6f7caadc4549af83"
  integrity sha512-wXQait2FhXmOSS4M+bFm+Wh1EZrw8TtYTgK3YWsiFBxUIL1jlucWEbLXYoiDwo/DVDzxlTeHM63100RM2l9bwQ==
  dependencies:
    "@abp/core" "~9.0.7"
    clipboard "^2.0.11"

"@abp/core@~9.0.7":
  version "9.0.7"
  resolved "https://registry.yarnpkg.com/@abp/core/-/core-9.0.7.tgz#215dca20acc5c6db5ddad66f4064a23bb22fb2d9"
  integrity sha512-dZoU1gwYkWdoXqb9lkxYyqVvYuYqwaQTQxZpTRsV58W/Vcval0fAhjr0iseot/qZDsrT7SG/v+0p/luREgmJiQ==
  dependencies:
    "@abp/utils" "~9.0.7"

"@abp/datatables.net-bs5@~9.0.7":
  version "9.0.7"
  resolved "https://registry.yarnpkg.com/@abp/datatables.net-bs5/-/datatables.net-bs5-9.0.7.tgz#437af653b0165f8ec6fbd62ac47041d609c76c25"
  integrity sha512-GfvaC/rUuWjSkN70oCopwbIP1KAmaiGe2S5FfoEHUHsGWuabAV8mhBZfkLL/+mFj+hF9ucIQOA3eoOSSJvExoQ==
  dependencies:
    "@abp/datatables.net" "~9.0.7"
    datatables.net-bs5 "^2.1.8"

"@abp/datatables.net@~9.0.7":
  version "9.0.7"
  resolved "https://registry.yarnpkg.com/@abp/datatables.net/-/datatables.net-9.0.7.tgz#deafa85197f9967f70db0eee7af2e5dfec632f52"
  integrity sha512-yZwQ156+i5nSIRWU76nbBNX22vGs18sRwDquM9tXGkk5EVJYr5yKNHCMH+OvqERr0AeSRZ/jacXIMocoh1aDHw==
  dependencies:
    "@abp/jquery" "~9.0.7"
    datatables.net "^2.1.8"

"@abp/font-awesome@~9.0.7":
  version "9.0.7"
  resolved "https://registry.yarnpkg.com/@abp/font-awesome/-/font-awesome-9.0.7.tgz#2105dd3621cd25b21e891a21cc7ffb49f0e009f1"
  integrity sha512-/SY0Q972pMQfrWPvcyWBVWcLSfhVXfc7svp6jfqRZjR/M9bRKk8mTrEXcDGIFH0cu8hSFhu+ZxETs32F6CGdDg==
  dependencies:
    "@abp/core" "~9.0.7"
    "@fortawesome/fontawesome-free" "^6.6.0"

"@abp/jquery-form@~9.0.7":
  version "9.0.7"
  resolved "https://registry.yarnpkg.com/@abp/jquery-form/-/jquery-form-9.0.7.tgz#45f76700adcee4f06517f1b9f3698b4584bf4837"
  integrity sha512-MiaebsotmlgXswT8LwwkHeM6upFfrkmah0jYZFfcbbQVVV3YXLljQQWH/UtFXSyDVjwAiTupJkWsh2Wr6Jekbg==
  dependencies:
    "@abp/jquery" "~9.0.7"
    jquery-form "^4.3.0"

"@abp/jquery-validation-unobtrusive@~9.0.7":
  version "9.0.7"
  resolved "https://registry.yarnpkg.com/@abp/jquery-validation-unobtrusive/-/jquery-validation-unobtrusive-9.0.7.tgz#d416122d7c05fd405115491765849bb116eb9fc6"
  integrity sha512-DrbmC6Gjey0Hqj4mRhMd4jx+CMlcQhIS0wJyGTlehC2V4TnNyFX0T50eEHjp3Pw1h5ADBDZwA1eaBIh+szjBnw==
  dependencies:
    "@abp/jquery-validation" "~9.0.7"
    jquery-validation-unobtrusive "^4.0.0"

"@abp/jquery-validation@~9.0.7":
  version "9.0.7"
  resolved "https://registry.yarnpkg.com/@abp/jquery-validation/-/jquery-validation-9.0.7.tgz#4628dad102646b567363ee7e1b30f7b559d23999"
  integrity sha512-OTTgeqNL6/C2Od7MLIDfqcCDIUYAfw6pI5OIsB5GfkUJZwxCuOgV3uUx6TnkohvQwNASkH7jUTmha60o4Q9fxA==
  dependencies:
    "@abp/jquery" "~9.0.7"
    jquery-validation "^1.21.0"

"@abp/jquery@~9.0.7":
  version "9.0.7"
  resolved "https://registry.yarnpkg.com/@abp/jquery/-/jquery-9.0.7.tgz#47cf996826364f4317bfb0aefaef700b66f24edc"
  integrity sha512-ta9Ci92Tg1+Tr0XRiy0N3ZWKhOTClZog0tBbsrMLlLF5ZzgIVsZZVZ/OFJQ/IXSCxObfzavv4b8QfnWiL8lEBQ==
  dependencies:
    "@abp/core" "~9.0.7"
    jquery "~3.7.1"

"@abp/lodash@~9.0.7":
  version "9.0.7"
  resolved "https://registry.yarnpkg.com/@abp/lodash/-/lodash-9.0.7.tgz#cd1e80b96ec3449e5391ddb6a3ff638279afca66"
  integrity sha512-TYXSdKK2h8ixNtnv/MnV5LwfGWcrv7MREMw856ppmxAlDPAar4SGxtAgOTPDUj3eI/7E3hWirmH/1JWw6tWUBw==
  dependencies:
    "@abp/core" "~9.0.7"
    lodash "^4.17.21"

"@abp/luxon@~9.0.7":
  version "9.0.7"
  resolved "https://registry.yarnpkg.com/@abp/luxon/-/luxon-9.0.7.tgz#3e4c257f0fdcd445b78b094fc2512ce135bc6dc9"
  integrity sha512-hkakJzoOIV1w0PS+zVH3YP5mw70EE1kp0WvhyV4vNCxQkTNzKLgDdANWWRnDSJM8InKjuOM3nhQ7y9lPt5QtDw==
  dependencies:
    "@abp/core" "~9.0.7"
    luxon "^3.5.0"

"@abp/malihu-custom-scrollbar-plugin@~9.0.7":
  version "9.0.7"
  resolved "https://registry.yarnpkg.com/@abp/malihu-custom-scrollbar-plugin/-/malihu-custom-scrollbar-plugin-9.0.7.tgz#9bd4cdbf635692b4a8f4b4f3c189917021f946e9"
  integrity sha512-uxMBokEhE7bidcIrybhYrPSIXjELLq1JCJJrpys78F4Szx0NJB96u2eAqO4I3LBSN+d/x0zEji3izW2trBycpQ==
  dependencies:
    "@abp/core" "~9.0.7"
    malihu-custom-scrollbar-plugin "^3.1.5"

"@abp/moment@~9.0.7":
  version "9.0.7"
  resolved "https://registry.yarnpkg.com/@abp/moment/-/moment-9.0.7.tgz#700e8e02b6dd0db6ae85dc3e32cf241c43d3522b"
  integrity sha512-gR2HHjWBGXZHhUqpbTAa/gxP6bJXHDNCqvagg96+N+vbIzAU/2Is+hbxOcT+sPV2r0+LXarLG/nK3iSRqw+2xg==
  dependencies:
    moment "^2.30.1"

"@abp/prismjs@~9.0.7":
  version "9.0.7"
  resolved "https://registry.yarnpkg.com/@abp/prismjs/-/prismjs-9.0.7.tgz#c0c98ff17e825e686cfef82058348fcc82c7efb7"
  integrity sha512-KclUV01oWvnHfzkHLwj07rrFQl6y8xjC14QFSddIODmpY4yaNaWB9WF8YwK0nl/8EczIMou7UQqrcs/f45XNWA==
  dependencies:
    "@abp/clipboard" "~9.0.7"
    "@abp/core" "~9.0.7"
    prismjs "^1.29.0"

"@abp/select2@~9.0.7":
  version "9.0.7"
  resolved "https://registry.yarnpkg.com/@abp/select2/-/select2-9.0.7.tgz#24ce080ac6183edfe87fd435df73b410b784af2e"
  integrity sha512-SsCeGXrwoXPTDOlkl4dXF21BqG/cIHoJn252yUl3cQ3TeyVAvMbkpGpwa6HjpMGN3DdXQ5KkTiZqD2zO0C+z3Q==
  dependencies:
    "@abp/core" "~9.0.7"
    select2 "^4.0.13"

"@abp/sweetalert2@~9.0.7":
  version "9.0.7"
  resolved "https://registry.yarnpkg.com/@abp/sweetalert2/-/sweetalert2-9.0.7.tgz#26eb4686ce330a198ad1302bfda633da7f248fe4"
  integrity sha512-l7AwluHObq50a+JnzwKNJ0myRvxr6Ff/c1El5fH+J6YOGaUZ3+v+Z+miV0ohP3KKazQYG1SkSTbcz8e500fa5w==
  dependencies:
    "@abp/core" "~9.0.7"
    sweetalert2 "^11.14.1"

"@abp/timeago@~9.0.7":
  version "9.0.7"
  resolved "https://registry.yarnpkg.com/@abp/timeago/-/timeago-9.0.7.tgz#b7d977c3f5c06823e53b1129d222198357a83bc6"
  integrity sha512-JpQHP9P6Nyn7+RASZR/qyzWZ9T8H1w9Y4dDLnXTSVPMWy0wQV30ZUqkQ9gbEY0SwMEQ5Ssiz+ozkg0Ar3LzNvA==
  dependencies:
    "@abp/jquery" "~9.0.7"
    timeago "^1.6.7"

"@abp/toastr@~9.0.7":
  version "9.0.7"
  resolved "https://registry.yarnpkg.com/@abp/toastr/-/toastr-9.0.7.tgz#2b0bbfd60eb93d38ea98970ada14ec7112c46dc9"
  integrity sha512-9ZeJaPgKfcwNjbVm0dIbBy3urqg9zB0i/+grziSM0IKWg4D0HcPWDWHB+/rVFGHpWSgjyBXYCct44Zkf9UfQww==
  dependencies:
    "@abp/jquery" "~9.0.7"
    toastr "^2.1.4"

"@abp/utils@~9.0.7":
  version "9.0.7"
  resolved "https://registry.yarnpkg.com/@abp/utils/-/utils-9.0.7.tgz#d5e085d8cbdef4cc04a2693b9bfacc74e7ceb53e"
  integrity sha512-Gq0EYe69G6O906esRqzNWd5KqvbBg8fcOzTecBrhnGVxyAURTMPbM64pKawvxmvdvuayot1krU/3gde9rexh6w==
  dependencies:
    just-compare "^2.3.0"

"@fortawesome/fontawesome-free@^6.6.0":
  version "6.6.0"
  resolved "https://registry.yarnpkg.com/@fortawesome/fontawesome-free/-/fontawesome-free-6.6.0.tgz#0e984f0f2344ee513c185d87d77defac4c0c8224"
  integrity sha512-60G28ke/sXdtS9KZCpZSHHkCbdsOGEhIUGlwq6yhY74UpTiToIh8np7A8yphhM4BWsvNFtIvLpi4co+h9Mr9Ow==

ansi-colors@^4.1.3:
  version "4.1.3"
  resolved "https://registry.yarnpkg.com/ansi-colors/-/ansi-colors-4.1.3.tgz#37611340eb2243e70cc604cad35d63270d48781b"
  integrity sha512-/6w/C21Pm1A7aZitlI5Ni/2J6FFQN8i1Cvz3kHABAAbw93v/NlvKdVOqz7CCWz/3iv/JplRSEEZ83XION15ovw==

bootstrap-datepicker@^1.10.0:
  version "1.10.0"
  resolved "https://registry.yarnpkg.com/bootstrap-datepicker/-/bootstrap-datepicker-1.10.0.tgz#61612bbe8bf0a69a5bce32bbcdda93ebb6ccf24a"
  integrity sha512-lWxtSYddAQOpbAO8UhYhHLcK6425eWoSjb5JDvZU3ePHEPF6A3eUr51WKaFy4PccU19JRxUG6wEU3KdhtKfvpg==
  dependencies:
    jquery ">=3.4.0 <4.0.0"

bootstrap-daterangepicker@^3.1.0:
  version "3.1.0"
  resolved "https://registry.yarnpkg.com/bootstrap-daterangepicker/-/bootstrap-daterangepicker-3.1.0.tgz#632e6fb2de4b6360c5c0a9d5f6adb9aace051fe8"
  integrity sha512-oaQZx6ZBDo/dZNyXGVi2rx5GmFXThyQLAxdtIqjtLlYVaQUfQALl5JZMJJZzyDIX7blfy4ppZPAJ10g8Ma4d/g==
  dependencies:
    jquery ">=1.10"
    moment "^2.9.0"

bootstrap@^5.3.3:
  version "5.3.3"
  resolved "https://registry.yarnpkg.com/bootstrap/-/bootstrap-5.3.3.tgz#de35e1a765c897ac940021900fcbb831602bac38"
  integrity sha512-8HLCdWgyoMguSO9o+aH+iuZ+aht+mzW0u3HIMzVu7Srrpv7EBBxTnrFlSCskwdY1+EOFQSm7uMJhNQHkdPcmjg==

clipboard@^2.0.11:
  version "2.0.11"
  resolved "https://registry.yarnpkg.com/clipboard/-/clipboard-2.0.11.tgz#62180360b97dd668b6b3a84ec226975762a70be5"
  integrity sha512-C+0bbOqkezLIsmWSvlsXS0Q0bmkugu7jcfMIACB+RDEntIzQIkdr148we28AfSloQLRdZlYL/QYyrq05j/3Faw==
  dependencies:
    good-listener "^1.2.2"
    select "^1.1.2"
    tiny-emitter "^2.0.0"

datatables.net-bs5@^2.1.8:
  version "2.1.8"
  resolved "https://registry.yarnpkg.com/datatables.net-bs5/-/datatables.net-bs5-2.1.8.tgz#860717c4ee85ecb84812ba9a73fb1204aa2a68b6"
  integrity sha512-YlGws8eI3iw/1AmKJH18+YMzm/UgGb6o9s14KAC24QT1/8anolm8GnVAgGcwUcvHm3hn1i8A5QXqgbqeMRINeg==
  dependencies:
    datatables.net "2.1.8"
    jquery ">=1.7"

datatables.net@2.1.8, datatables.net@^2.1.8:
  version "2.1.8"
  resolved "https://registry.yarnpkg.com/datatables.net/-/datatables.net-2.1.8.tgz#9b020f18e927cc924d72411f62dc595cc688669b"
  integrity sha512-47ULt+U4bcjbuGTpTlT6SnCuSFVRBxxdWa6X3NfvTObBJ2BZU0o+JUIl05wQ6cABNIavjbAV51gpgvFsMHL9zA==
  dependencies:
    jquery ">=1.7"

delegate@^3.1.2:
  version "3.2.0"
  resolved "https://registry.yarnpkg.com/delegate/-/delegate-3.2.0.tgz#b66b71c3158522e8ab5744f720d8ca0c2af59166"
  integrity sha512-IofjkYBZaZivn0V8nnsMJGBr4jVLxHDheKSW88PyxS5QC4Vo9ZbZVvhzlSxY87fVq3STR6r+4cGepyHkcWOQSw==

good-listener@^1.2.2:
  version "1.2.2"
  resolved "https://registry.yarnpkg.com/good-listener/-/good-listener-1.2.2.tgz#d53b30cdf9313dffb7dc9a0d477096aa6d145c50"
  integrity sha512-goW1b+d9q/HIwbVYZzZ6SsTr4IgE+WA44A0GmPIQstuOrgsFcT7VEJ48nmr9GaRtNu0XTKacFLGnBPAM6Afouw==
  dependencies:
    delegate "^3.1.2"

jquery-form@^4.3.0:
  version "4.3.0"
  resolved "https://registry.yarnpkg.com/jquery-form/-/jquery-form-4.3.0.tgz#7d3961c314a1f2d15298f4af1d3943f54f4149c6"
  integrity sha512-q3uaVCEWdLOYUCI6dpNdwf/7cJFOsUgdpq6r0taxtGQ5NJSkOzofyWm4jpOuJ5YxdmL1FI5QR+q+HB63HHLGnQ==
  dependencies:
    jquery ">=1.7.2"

jquery-mousewheel@>=3.0.6:
  version "3.1.13"
  resolved "https://registry.yarnpkg.com/jquery-mousewheel/-/jquery-mousewheel-3.1.13.tgz#06f0335f16e353a695e7206bf50503cb523a6ee5"
  integrity sha512-GXhSjfOPyDemM005YCEHvzrEALhKDIswtxSHSR2e4K/suHVJKJxxRCGz3skPjNxjJjQa9AVSGGlYjv1M3VLIPg==

jquery-validation-unobtrusive@^4.0.0:
  version "4.0.0"
  resolved "https://registry.yarnpkg.com/jquery-validation-unobtrusive/-/jquery-validation-unobtrusive-4.0.0.tgz#dfcf25a558496a2c883db6021d10f5398d15f99d"
  integrity sha512-1ervYFFv6LX/rp7ktuLnMakHNG0piNRDyROI8Ir3hL1vPIwylAehB1AY3BPrYJnzW3WmwWryZq+Bz4sazZK9iQ==
  dependencies:
    jquery "^3.6.0"
    jquery-validation ">=1.19"

jquery-validation@>=1.19, jquery-validation@^1.21.0:
  version "1.21.0"
  resolved "https://registry.yarnpkg.com/jquery-validation/-/jquery-validation-1.21.0.tgz#78fc05ab76020912a246af3661b3f54a438bca93"
  integrity sha512-xNot0rlUIgu7duMcQ5qb6MGkGL/Z1PQaRJQoZAURW9+a/2PGOUxY36o/WyNeP2T9R6jvWB8Z9lUVvvQWI/Zs5w==

jquery@>=1.10, jquery@>=1.12.0, "jquery@>=1.5.0 <4.0", jquery@>=1.7, jquery@>=1.7.2:
  version "3.6.4"
  resolved "https://registry.yarnpkg.com/jquery/-/jquery-3.6.4.tgz#ba065c188142100be4833699852bf7c24dc0252f"
  integrity sha512-v28EW9DWDFpzcD9O5iyJXg3R3+q+mET5JhnjJzQUZMHOv67bpSIHq81GEYpPNZHG+XXHsfSme3nxp/hndKEcsQ==

"jquery@>=3.4.0 <4.0.0", jquery@^3.6.0, jquery@~3.7.1:
  version "3.7.1"
  resolved "https://registry.yarnpkg.com/jquery/-/jquery-3.7.1.tgz#083ef98927c9a6a74d05a6af02806566d16274de"
  integrity sha512-m4avr8yL8kmFN8psrbFFFmB/If14iN5o9nw/NgnnM+kybDJpRsAynV2BsfpTYrTRysYUdADVD7CkUUizgkpLfg==

just-compare@^2.3.0:
  version "2.3.0"
  resolved "https://registry.yarnpkg.com/just-compare/-/just-compare-2.3.0.tgz#a2adcc1d1940536263275f5a1ef1298bcacfeda7"
  integrity sha512-6shoR7HDT+fzfL3gBahx1jZG3hWLrhPAf+l7nCwahDdT9XDtosB9kIF0ZrzUp5QY8dJWfQVr5rnsPqsbvflDzg==

lodash@^4.17.21:
  version "4.17.21"
  resolved "https://registry.yarnpkg.com/lodash/-/lodash-4.17.21.tgz#679591c564c3bffaae8454cf0b3df370c3d6911c"
  integrity sha512-v2kDEe57lecTulaDIuNTPy3Ry4gLGJ6Z1O3vE1krgXZNrsQ+LFTGHVxVjcXPs17LhbZVGedAJv8XZ1tvj5FvSg==

luxon@^3.5.0:
  version "3.5.0"
  resolved "https://registry.yarnpkg.com/luxon/-/luxon-3.5.0.tgz#6b6f65c5cd1d61d1fd19dbf07ee87a50bf4b8e20"
  integrity sha512-rh+Zjr6DNfUYR3bPwJEnuwDdqMbxZW7LOQfUN4B54+Cl+0o5zaU9RJ6bcidfDtC1cWCZXQ+nvX8bf6bAji37QQ==

malihu-custom-scrollbar-plugin@^3.1.5:
  version "3.1.5"
  resolved "https://registry.yarnpkg.com/malihu-custom-scrollbar-plugin/-/malihu-custom-scrollbar-plugin-3.1.5.tgz#310cecc5e59415a1c29e9dfb5d2b6e01d66a29ef"
  integrity sha512-lwW3LgI+CNDMPnP4ED2la6oYxWMkCXlnhex+s2wuOLhFDFGnGmQuTQVdRK9bvDLpxs10sGlfErVufJy9ztfgJQ==
  dependencies:
    jquery-mousewheel ">=3.0.6"

moment@^2.30.1:
  version "2.30.1"
  resolved "https://registry.yarnpkg.com/moment/-/moment-2.30.1.tgz#f8c91c07b7a786e30c59926df530b4eac96974ae"
  integrity sha512-uEmtNhbDOrWPFS+hdjFCBfy9f2YoyzRpwcl+DqpC6taX21FzsTLQVbMV/W7PzNSX6x/bhC1zA3c2UQ5NzH6how==

moment@^2.9.0:
  version "2.29.4"
  resolved "https://registry.yarnpkg.com/moment/-/moment-2.29.4.tgz#3dbe052889fe7c1b2ed966fcb3a77328964ef108"
  integrity sha512-5LC9SOxjSc2HF6vO2CyuTDNivEdoz2IvyJJGj6X8DJ0eFyfszE0QiEd+iXmBvUP3WHxSjFH/vIsA0EN00cgr8w==

prismjs@^1.29.0:
  version "1.29.0"
  resolved "https://registry.yarnpkg.com/prismjs/-/prismjs-1.29.0.tgz#f113555a8fa9b57c35e637bba27509dcf802dd12"
  integrity sha512-Kx/1w86q/epKcmte75LNrEoT+lX8pBpavuAbvJWRXar7Hz8jrtF+e3vY751p0R8H9HdArwaCTNDDzHg/ScJK1Q==

select2@^4.0.13:
  version "4.0.13"
  resolved "https://registry.yarnpkg.com/select2/-/select2-4.0.13.tgz#0dbe377df3f96167c4c1626033e924372d8ef44d"
  integrity sha512-1JeB87s6oN/TDxQQYCvS5EFoQyvV6eYMZZ0AeA4tdFDYWN3BAGZ8npr17UBFddU0lgAt3H0yjX3X6/ekOj1yjw==

select@^1.1.2:
  version "1.1.2"
  resolved "https://registry.yarnpkg.com/select/-/select-1.1.2.tgz#0e7350acdec80b1108528786ec1d4418d11b396d"
  integrity sha512-OwpTSOfy6xSs1+pwcNrv0RBMOzI39Lp3qQKUTPVVPRjCdNa5JH/oPRiqsesIskK8TVgmRiHwO4KXlV2Li9dANA==

sweetalert2@^11.14.1:
  version "11.14.4"
  resolved "https://registry.yarnpkg.com/sweetalert2/-/sweetalert2-11.14.4.tgz#0186439674ea4f15991e41cea3af203ee497853c"
  integrity sha512-8QMzjxCuinwm18EK5AtYvuhP+lRMRxTWVXy8om9wGlULsXSI4TD29kyih3VYrSXMMBlD4EShFvNC7slhTC7j0w==

timeago@^1.6.7:
  version "1.6.7"
  resolved "https://registry.yarnpkg.com/timeago/-/timeago-1.6.7.tgz#afd467c29a911e697fc22a81888c7c3022783cb5"
  integrity sha512-FikcjN98+ij0siKH4VO4dZ358PR3oDDq4Vdl1+sN9gWz1/+JXGr3uZbUShYH/hL7bMhcTpPbplJU5Tej4b4jbQ==
  dependencies:
    jquery ">=1.5.0 <4.0"

tiny-emitter@^2.0.0:
  version "2.1.0"
  resolved "https://registry.yarnpkg.com/tiny-emitter/-/tiny-emitter-2.1.0.tgz#1d1a56edfc51c43e863cbb5382a72330e3555423"
  integrity sha512-NB6Dk1A9xgQPMoGqC5CVXn123gWyte215ONT5Pp5a0yt4nlEoO1ZWeCwpncaekPHXO60i47ihFnZPiRPjRMq4Q==

toastr@^2.1.4:
  version "2.1.4"
  resolved "https://registry.yarnpkg.com/toastr/-/toastr-2.1.4.tgz#8b43be64fb9d0c414871446f2db8e8ca4e95f181"
  integrity sha512-LIy77F5n+sz4tefMmFOntcJ6HL0Fv3k1TDnNmFZ0bU/GcvIIfy6eG2v7zQmMiYgaalAiUv75ttFrPn5s0gyqlA==
  dependencies:
    jquery ">=1.12.0"
