# THIS IS AN AUTOGENERATED FILE. DO NOT EDIT THIS FILE DIRECTLY.
# yarn lockfile v1


"@abp/aspnetcore.mvc.ui.theme.shared@~9.2.0-rc.4":
  version "9.2.0-rc.4"
  resolved "https://registry.yarnpkg.com/@abp/aspnetcore.mvc.ui.theme.shared/-/aspnetcore.mvc.ui.theme.shared-9.2.0-rc.4.tgz#4212523cc2d2db881d2a0a9c1b28f372c53c19d7"
  integrity sha512-z6nCmIfcaiQ6CPHhVq0C6RYljjrqScVVj+Sf0uI8eP6qG+CVT/aEVgb+3Nc5EM5SjDvR/eTxH4J3YcVNDj32Lg==
  dependencies:
    "@abp/aspnetcore.mvc.ui" "~9.2.0-rc.4"
    "@abp/bootstrap" "~9.2.0-rc.4"
    "@abp/bootstrap-datepicker" "~9.2.0-rc.4"
    "@abp/bootstrap-daterangepicker" "~9.2.0-rc.4"
    "@abp/datatables.net-bs5" "~9.2.0-rc.4"
    "@abp/font-awesome" "~9.2.0-rc.4"
    "@abp/jquery-form" "~9.2.0-rc.4"
    "@abp/jquery-validation-unobtrusive" "~9.2.0-rc.4"
    "@abp/lodash" "~9.2.0-rc.4"
    "@abp/luxon" "~9.2.0-rc.4"
    "@abp/malihu-custom-scrollbar-plugin" "~9.2.0-rc.4"
    "@abp/moment" "~9.2.0-rc.4"
    "@abp/select2" "~9.2.0-rc.4"
    "@abp/sweetalert2" "~9.2.0-rc.4"
    "@abp/timeago" "~9.2.0-rc.4"

"@abp/aspnetcore.mvc.ui@~9.2.0-rc.4":
  version "9.2.0-rc.4"
  resolved "https://registry.yarnpkg.com/@abp/aspnetcore.mvc.ui/-/aspnetcore.mvc.ui-9.2.0-rc.4.tgz#a47763a480e488363b901327d94556fdad6cccb7"
  integrity sha512-7fxC3zifdnpJZwKsP1hgK0+mu9y/w4zrMY1rR8AVvcpMdt8/Mmtj6mJi+Ompv3YtO9F/Zgnxqma5R0pYMTke7g==
  dependencies:
    ansi-colors "^4.1.3"

"@abp/bootstrap-datepicker@~9.2.0-rc.4":
  version "9.2.0-rc.4"
  resolved "https://registry.yarnpkg.com/@abp/bootstrap-datepicker/-/bootstrap-datepicker-9.2.0-rc.4.tgz#0aec67332e3148e21658650bfaaa08c64180e2ad"
  integrity sha512-CaD709aGigfQk76XDshSrctm9TkgjA+7XgnDuVraPRPwq4dwXGIhbNAiJ1+5k6OXrUHqJP3nPc4NDPZiXDwgqw==
  dependencies:
    bootstrap-datepicker "^1.10.0"

"@abp/bootstrap-daterangepicker@~9.2.0-rc.4":
  version "9.2.0-rc.4"
  resolved "https://registry.yarnpkg.com/@abp/bootstrap-daterangepicker/-/bootstrap-daterangepicker-9.2.0-rc.4.tgz#b08d564b0dfc8be62a052fc205e1445764b6a2d0"
  integrity sha512-zwWkb6JaUqN2rtIGLtb0Cf1RtP0nuCFK0x2r4J9kYnv1vKiT8vrK2Jl5mJVjvdnO0JifS1rueDMPglVpOeghRw==
  dependencies:
    bootstrap-daterangepicker "^3.1.0"

"@abp/bootstrap@~9.2.0-rc.4":
  version "9.2.0-rc.4"
  resolved "https://registry.yarnpkg.com/@abp/bootstrap/-/bootstrap-9.2.0-rc.4.tgz#0615ec9fa7422d76e8f4af22ec28fe9672d60c38"
  integrity sha512-m1ORR/R84nPEfid/x5rC5jy4orsw4yhkk4nApiW11H4Eb7ssbcviR75ugJ5GBt3GOevHHlTZWwvf8K4C+zdqZg==
  dependencies:
    "@abp/core" "~9.2.0-rc.4"
    bootstrap "^5.3.3"

"@abp/clipboard@~9.2.0-rc.4":
  version "9.2.0-rc.4"
  resolved "https://registry.yarnpkg.com/@abp/clipboard/-/clipboard-9.2.0-rc.4.tgz#e91e8c9b9947cef648e31f17ac8050d342a88416"
  integrity sha512-iUvCQK3YJKPflLWkXNsueXit+Ipez5+R5q4OdngcvTmVXIUoH8t+3iiM+Q7ohA0vRknsdEGPMUUS7TnDW9fVqA==
  dependencies:
    "@abp/core" "~9.2.0-rc.4"
    clipboard "^2.0.11"

"@abp/core@~9.2.0-rc.4":
  version "9.2.0-rc.4"
  resolved "https://registry.yarnpkg.com/@abp/core/-/core-9.2.0-rc.4.tgz#b758ea117ae3e3e3596e407a347617b8fcb6c112"
  integrity sha512-eNklBpyUAort/UEhgmnvMglBS/FSAzUiKalN7hgJFKx0nd3cDDkjkN6YFY8VuPInt3YfRz5omZQsGNq7eyjtbQ==
  dependencies:
    "@abp/utils" "~9.2.0-rc.4"

"@abp/datatables.net-bs5@~9.2.0-rc.4":
  version "9.2.0-rc.4"
  resolved "https://registry.yarnpkg.com/@abp/datatables.net-bs5/-/datatables.net-bs5-9.2.0-rc.4.tgz#75c12fe053d593b738bb5ca7394b2954409f5e00"
  integrity sha512-5FG5Jc6Co9q/1xYmmW2SabSaXVkdJohPJ9XtzTthwnY8Ko5eGV7TPkEfwwsk0PLXp+Wu3ifQaZI4CIE9WR81XA==
  dependencies:
    "@abp/datatables.net" "~9.2.0-rc.4"
    datatables.net-bs5 "^2.1.8"

"@abp/datatables.net@~9.2.0-rc.4":
  version "9.2.0-rc.4"
  resolved "https://registry.yarnpkg.com/@abp/datatables.net/-/datatables.net-9.2.0-rc.4.tgz#523b017e4b9ea9d3a6d3262f66bd3daaade05c0b"
  integrity sha512-udCSjJYYpi/Ql/KJZxYDMxbtX6gXw7hsfMxQjP0u37JsyNLgd4fTrzaXCe7OKn3x7poJcANoqsEgWow/9R/WIg==
  dependencies:
    "@abp/jquery" "~9.2.0-rc.4"
    datatables.net "^2.1.8"

"@abp/font-awesome@~9.2.0-rc.4":
  version "9.2.0-rc.4"
  resolved "https://registry.yarnpkg.com/@abp/font-awesome/-/font-awesome-9.2.0-rc.4.tgz#31d9fa475af3b543ddaff16e6af8caba966bd331"
  integrity sha512-FYmfrf2mX5rzU+GqK078rn85UmfAwdCB8JQhnGfkylybMRJvmocRsPBIEThjlFZAPGqqvULHUTRMwnRPTgpuNw==
  dependencies:
    "@abp/core" "~9.2.0-rc.4"
    "@fortawesome/fontawesome-free" "^6.6.0"

"@abp/highlight.js@~9.2.0-rc.4":
  version "9.2.0-rc.4"
  resolved "https://registry.yarnpkg.com/@abp/highlight.js/-/highlight.js-9.2.0-rc.4.tgz#34b5e4ac1c340b6da27a3f9f2c9d565f08a69438"
  integrity sha512-Rwn6YUIbty5LuDm0PH5OM0j7Vk4OrZgWncgsubSekc/r8fh/ry6spoxdjuBB/AjwM8ZlJ0DWMQLw51K6Y18z7A==
  dependencies:
    "@abp/core" "~9.2.0-rc.4"
    "@highlightjs/cdn-assets" "~11.10.0"

"@abp/jquery-form@~9.2.0-rc.4":
  version "9.2.0-rc.4"
  resolved "https://registry.yarnpkg.com/@abp/jquery-form/-/jquery-form-9.2.0-rc.4.tgz#b200be90031b58305a2ebfd646ffbd5ce4cca40c"
  integrity sha512-ohCtIfz48E0+vNdNyKTsLlfW0NYMJfKWXd9BPp2szgBaDbC7jYdGYyABbxGxRc7mp1B8xQzRhLnTzdRtWaJemg==
  dependencies:
    "@abp/jquery" "~9.2.0-rc.4"
    jquery-form "^4.3.0"

"@abp/jquery-validation-unobtrusive@~9.2.0-rc.4":
  version "9.2.0-rc.4"
  resolved "https://registry.yarnpkg.com/@abp/jquery-validation-unobtrusive/-/jquery-validation-unobtrusive-9.2.0-rc.4.tgz#0329f9268b83e0832e26ea3f6523dbc5226b9114"
  integrity sha512-iOnw5YoiC3bCIFRjuXPagz+ixFV+PM36hP0UJ4x03BK6GDJnAvjLshYe6qnQG9Xnz1arzmIX5ud5EjWvWSBIoA==
  dependencies:
    "@abp/jquery-validation" "~9.2.0-rc.4"
    jquery-validation-unobtrusive "^4.0.0"

"@abp/jquery-validation@~9.2.0-rc.4":
  version "9.2.0-rc.4"
  resolved "https://registry.yarnpkg.com/@abp/jquery-validation/-/jquery-validation-9.2.0-rc.4.tgz#073e4cbf905f652ce83633b98696b559916b984d"
  integrity sha512-pS2Y2c6gXFOzfKeM2/JlW56ZmrUeflT2av64aWrFYnv7IgJUp38PEjR10uPy3g/mP2c9jis8dOfkdbRrlHwf+g==
  dependencies:
    "@abp/jquery" "~9.2.0-rc.4"
    jquery-validation "^1.21.0"

"@abp/jquery@~9.2.0-rc.4":
  version "9.2.0-rc.4"
  resolved "https://registry.yarnpkg.com/@abp/jquery/-/jquery-9.2.0-rc.4.tgz#ac8a6ce969d58cc4f05d33adcfad76e7442231e8"
  integrity sha512-N5hZ8VGXJUn5QW1mSXHIO7SjdvoyrkCyH5j8DhXJO1mDlS1L36n+MJHFwQK7UZpHcFOuklAJ7f417r3sISOBCw==
  dependencies:
    "@abp/core" "~9.2.0-rc.4"
    jquery "~3.7.1"

"@abp/lodash@~9.2.0-rc.4":
  version "9.2.0-rc.4"
  resolved "https://registry.yarnpkg.com/@abp/lodash/-/lodash-9.2.0-rc.4.tgz#e428df195ed90414a9a412e1dcb6494344475f82"
  integrity sha512-WsbyBNA57/giyI5pnM7Y7dk0p56hMDS5OMdmNilaGOWMnvz7mMTJNvStMBqS7fqekzfXsFGfrLbTmehY3pTYwQ==
  dependencies:
    "@abp/core" "~9.2.0-rc.4"
    lodash "^4.17.21"

"@abp/luxon@~9.2.0-rc.4":
  version "9.2.0-rc.4"
  resolved "https://registry.yarnpkg.com/@abp/luxon/-/luxon-9.2.0-rc.4.tgz#dacb173d24987a1ab4fb7e53dff9f91728a1efaa"
  integrity sha512-qNuYml25Q2ODzZ830FhijGY66WvAUa02mB9hgulpFlF0p2UiFmhA0dMNVahEuytoFodjkSrhLP6cGfONf7ht8A==
  dependencies:
    "@abp/core" "~9.2.0-rc.4"
    luxon "^3.5.0"

"@abp/malihu-custom-scrollbar-plugin@~9.2.0-rc.4":
  version "9.2.0-rc.4"
  resolved "https://registry.yarnpkg.com/@abp/malihu-custom-scrollbar-plugin/-/malihu-custom-scrollbar-plugin-9.2.0-rc.4.tgz#9b0c0444ec8f11c8c8040387f83080e51a281657"
  integrity sha512-cvYJI/4jkzOWSvTY0C/PxSq62SxEq3UlaXpefj/W+CAwPVjG+Yik2YHt5qgcmRRn0oF5V/XRJHB7A4H23+VKyA==
  dependencies:
    "@abp/core" "~9.2.0-rc.4"
    malihu-custom-scrollbar-plugin "^3.1.5"

"@abp/moment@~9.2.0-rc.4":
  version "9.2.0-rc.4"
  resolved "https://registry.yarnpkg.com/@abp/moment/-/moment-9.2.0-rc.4.tgz#527ed54f4330a77ec2ea1411bfffe2d57e62d172"
  integrity sha512-zIRTuMCcPAfJAU64DUeU7dJPUJqoyJ7TvHBhrUcmmGZK7IzNtaP3/KAGjZIHhHbUwIjidjCxlF2YnW1io7hcJg==
  dependencies:
    moment "^2.30.1"

"@abp/prismjs@~9.2.0-rc.4":
  version "9.2.0-rc.4"
  resolved "https://registry.yarnpkg.com/@abp/prismjs/-/prismjs-9.2.0-rc.4.tgz#5164e64fa04d2a852043e1f7d02952d54112748a"
  integrity sha512-fUCqWhmmRMu5DgpDxyH7uyEHS6lCFk+BY+JuS22sTvyhu+Q9M4rYhFEl/E9S+cA2rfxSNAG5h7HPXUWTqHPLgg==
  dependencies:
    "@abp/clipboard" "~9.2.0-rc.4"
    "@abp/core" "~9.2.0-rc.4"
    prismjs "^1.29.0"

"@abp/select2@~9.2.0-rc.4":
  version "9.2.0-rc.4"
  resolved "https://registry.yarnpkg.com/@abp/select2/-/select2-9.2.0-rc.4.tgz#6a8c6347ec75fcf60d76bc50ecca8008253fc7c7"
  integrity sha512-OMyXr+gYMM81CQliqDVnEGsK2/WbmC4N5IZ1ZSJl+mW7cUClmyg9CLg418ID/7OU+ItUwbw9YvG4RPwnGF1ujw==
  dependencies:
    "@abp/core" "~9.2.0-rc.4"
    select2 "^4.0.13"

"@abp/sweetalert2@~9.2.0-rc.4":
  version "9.2.0-rc.4"
  resolved "https://registry.yarnpkg.com/@abp/sweetalert2/-/sweetalert2-9.2.0-rc.4.tgz#26d4e9c935f20a7e0bde23327c6761fe6466cd41"
  integrity sha512-zhwnA0WpkNO6JuqbBgO6PQ817wuThw6mtGcP96V1m/xtckJWNDub1gby0gJqnWqnq5Cuj4u9gPRkkcVmfPn8ZA==
  dependencies:
    "@abp/core" "~9.2.0-rc.4"
    sweetalert2 "^11.14.1"

"@abp/timeago@~9.2.0-rc.4":
  version "9.2.0-rc.4"
  resolved "https://registry.yarnpkg.com/@abp/timeago/-/timeago-9.2.0-rc.4.tgz#494b25062f14f8a139ed66958991d34fcf4023a3"
  integrity sha512-6HoEkdQCYDxrEGSjxHXN2Vj5ipc3rIXTbCqj7dYI9K5tuaQ4Wq0Obz/Wx6UZ71ZjzGAeAQkDeXVc68GjQyLX6Q==
  dependencies:
    "@abp/jquery" "~9.2.0-rc.4"
    timeago "^1.6.7"

"@abp/utils@~9.2.0-rc.4":
  version "9.2.0-rc.4"
  resolved "https://registry.yarnpkg.com/@abp/utils/-/utils-9.2.0-rc.4.tgz#350eb915af78ecdbc2a0a15a1ad4bac4212cefc2"
  integrity sha512-PZzfkiq6sthX5+Icw7h3HVpnDVgN7ZnmOnIyzKhBeHALpH+JfO7QruwJl96Moba4LGmzPdFdLkwm2qznVoqyZA==
  dependencies:
    just-compare "^2.3.0"

"@fortawesome/fontawesome-free@^6.6.0":
  version "6.6.0"
  resolved "https://registry.yarnpkg.com/@fortawesome/fontawesome-free/-/fontawesome-free-6.6.0.tgz#0e984f0f2344ee513c185d87d77defac4c0c8224"
  integrity sha512-60G28ke/sXdtS9KZCpZSHHkCbdsOGEhIUGlwq6yhY74UpTiToIh8np7A8yphhM4BWsvNFtIvLpi4co+h9Mr9Ow==

"@highlightjs/cdn-assets@~11.10.0":
  version "11.10.0"
  resolved "https://registry.yarnpkg.com/@highlightjs/cdn-assets/-/cdn-assets-11.10.0.tgz#cbf79698d83eea89e5cde01fee40f1b7df46ad7f"
  integrity sha512-vWXpu+Rdm0YMJmugFdUiL/9DmgYjEiV+d5DBqlXdApnGPSIeo6+LRS5Hpx6fvVsKkvR4RsLYD9rQ6DOLkj7OKA==

ansi-colors@^4.1.3:
  version "4.1.3"
  resolved "https://registry.yarnpkg.com/ansi-colors/-/ansi-colors-4.1.3.tgz#37611340eb2243e70cc604cad35d63270d48781b"
  integrity sha512-/6w/C21Pm1A7aZitlI5Ni/2J6FFQN8i1Cvz3kHABAAbw93v/NlvKdVOqz7CCWz/3iv/JplRSEEZ83XION15ovw==

bootstrap-datepicker@^1.10.0:
  version "1.10.0"
  resolved "https://registry.yarnpkg.com/bootstrap-datepicker/-/bootstrap-datepicker-1.10.0.tgz#61612bbe8bf0a69a5bce32bbcdda93ebb6ccf24a"
  integrity sha512-lWxtSYddAQOpbAO8UhYhHLcK6425eWoSjb5JDvZU3ePHEPF6A3eUr51WKaFy4PccU19JRxUG6wEU3KdhtKfvpg==
  dependencies:
    jquery ">=3.4.0 <4.0.0"

bootstrap-daterangepicker@^3.1.0:
  version "3.1.0"
  resolved "https://registry.yarnpkg.com/bootstrap-daterangepicker/-/bootstrap-daterangepicker-3.1.0.tgz#632e6fb2de4b6360c5c0a9d5f6adb9aace051fe8"
  integrity sha512-oaQZx6ZBDo/dZNyXGVi2rx5GmFXThyQLAxdtIqjtLlYVaQUfQALl5JZMJJZzyDIX7blfy4ppZPAJ10g8Ma4d/g==
  dependencies:
    jquery ">=1.10"
    moment "^2.9.0"

bootstrap@^5.3.3:
  version "5.3.3"
  resolved "https://registry.yarnpkg.com/bootstrap/-/bootstrap-5.3.3.tgz#de35e1a765c897ac940021900fcbb831602bac38"
  integrity sha512-8HLCdWgyoMguSO9o+aH+iuZ+aht+mzW0u3HIMzVu7Srrpv7EBBxTnrFlSCskwdY1+EOFQSm7uMJhNQHkdPcmjg==

clipboard@^2.0.11:
  version "2.0.11"
  resolved "https://registry.yarnpkg.com/clipboard/-/clipboard-2.0.11.tgz#62180360b97dd668b6b3a84ec226975762a70be5"
  integrity sha512-C+0bbOqkezLIsmWSvlsXS0Q0bmkugu7jcfMIACB+RDEntIzQIkdr148we28AfSloQLRdZlYL/QYyrq05j/3Faw==
  dependencies:
    good-listener "^1.2.2"
    select "^1.1.2"
    tiny-emitter "^2.0.0"

datatables.net-bs5@^2.1.8:
  version "2.1.8"
  resolved "https://registry.yarnpkg.com/datatables.net-bs5/-/datatables.net-bs5-2.1.8.tgz#860717c4ee85ecb84812ba9a73fb1204aa2a68b6"
  integrity sha512-YlGws8eI3iw/1AmKJH18+YMzm/UgGb6o9s14KAC24QT1/8anolm8GnVAgGcwUcvHm3hn1i8A5QXqgbqeMRINeg==
  dependencies:
    datatables.net "2.1.8"
    jquery ">=1.7"

datatables.net@2.1.8, datatables.net@^2.1.8:
  version "2.1.8"
  resolved "https://registry.yarnpkg.com/datatables.net/-/datatables.net-2.1.8.tgz#9b020f18e927cc924d72411f62dc595cc688669b"
  integrity sha512-47ULt+U4bcjbuGTpTlT6SnCuSFVRBxxdWa6X3NfvTObBJ2BZU0o+JUIl05wQ6cABNIavjbAV51gpgvFsMHL9zA==
  dependencies:
    jquery ">=1.7"

delegate@^3.1.2:
  version "3.2.0"
  resolved "https://registry.yarnpkg.com/delegate/-/delegate-3.2.0.tgz#b66b71c3158522e8ab5744f720d8ca0c2af59166"
  integrity sha512-IofjkYBZaZivn0V8nnsMJGBr4jVLxHDheKSW88PyxS5QC4Vo9ZbZVvhzlSxY87fVq3STR6r+4cGepyHkcWOQSw==

good-listener@^1.2.2:
  version "1.2.2"
  resolved "https://registry.yarnpkg.com/good-listener/-/good-listener-1.2.2.tgz#d53b30cdf9313dffb7dc9a0d477096aa6d145c50"
  integrity sha512-goW1b+d9q/HIwbVYZzZ6SsTr4IgE+WA44A0GmPIQstuOrgsFcT7VEJ48nmr9GaRtNu0XTKacFLGnBPAM6Afouw==
  dependencies:
    delegate "^3.1.2"

jquery-form@^4.3.0:
  version "4.3.0"
  resolved "https://registry.yarnpkg.com/jquery-form/-/jquery-form-4.3.0.tgz#7d3961c314a1f2d15298f4af1d3943f54f4149c6"
  integrity sha512-q3uaVCEWdLOYUCI6dpNdwf/7cJFOsUgdpq6r0taxtGQ5NJSkOzofyWm4jpOuJ5YxdmL1FI5QR+q+HB63HHLGnQ==
  dependencies:
    jquery ">=1.7.2"

jquery-mousewheel@>=3.0.6:
  version "3.1.13"
  resolved "https://registry.yarnpkg.com/jquery-mousewheel/-/jquery-mousewheel-3.1.13.tgz#06f0335f16e353a695e7206bf50503cb523a6ee5"
  integrity sha512-GXhSjfOPyDemM005YCEHvzrEALhKDIswtxSHSR2e4K/suHVJKJxxRCGz3skPjNxjJjQa9AVSGGlYjv1M3VLIPg==

jquery-validation-unobtrusive@^4.0.0:
  version "4.0.0"
  resolved "https://registry.yarnpkg.com/jquery-validation-unobtrusive/-/jquery-validation-unobtrusive-4.0.0.tgz#dfcf25a558496a2c883db6021d10f5398d15f99d"
  integrity sha512-1ervYFFv6LX/rp7ktuLnMakHNG0piNRDyROI8Ir3hL1vPIwylAehB1AY3BPrYJnzW3WmwWryZq+Bz4sazZK9iQ==
  dependencies:
    jquery "^3.6.0"
    jquery-validation ">=1.19"

jquery-validation@>=1.19, jquery-validation@^1.21.0:
  version "1.21.0"
  resolved "https://registry.yarnpkg.com/jquery-validation/-/jquery-validation-1.21.0.tgz#78fc05ab76020912a246af3661b3f54a438bca93"
  integrity sha512-xNot0rlUIgu7duMcQ5qb6MGkGL/Z1PQaRJQoZAURW9+a/2PGOUxY36o/WyNeP2T9R6jvWB8Z9lUVvvQWI/Zs5w==

jquery@>=1.10, "jquery@>=1.5.0 <4.0", jquery@>=1.7, jquery@>=1.7.2, "jquery@>=3.4.0 <4.0.0", jquery@^3.6.0, jquery@~3.7.1:
  version "3.7.1"
  resolved "https://registry.yarnpkg.com/jquery/-/jquery-3.7.1.tgz#083ef98927c9a6a74d05a6af02806566d16274de"
  integrity sha512-m4avr8yL8kmFN8psrbFFFmB/If14iN5o9nw/NgnnM+kybDJpRsAynV2BsfpTYrTRysYUdADVD7CkUUizgkpLfg==

just-compare@^2.3.0:
  version "2.3.0"
  resolved "https://registry.yarnpkg.com/just-compare/-/just-compare-2.3.0.tgz#a2adcc1d1940536263275f5a1ef1298bcacfeda7"
  integrity sha512-6shoR7HDT+fzfL3gBahx1jZG3hWLrhPAf+l7nCwahDdT9XDtosB9kIF0ZrzUp5QY8dJWfQVr5rnsPqsbvflDzg==

lodash@^4.17.21:
  version "4.17.21"
  resolved "https://registry.yarnpkg.com/lodash/-/lodash-4.17.21.tgz#679591c564c3bffaae8454cf0b3df370c3d6911c"
  integrity sha512-v2kDEe57lecTulaDIuNTPy3Ry4gLGJ6Z1O3vE1krgXZNrsQ+LFTGHVxVjcXPs17LhbZVGedAJv8XZ1tvj5FvSg==

luxon@^3.5.0:
  version "3.5.0"
  resolved "https://registry.yarnpkg.com/luxon/-/luxon-3.5.0.tgz#6b6f65c5cd1d61d1fd19dbf07ee87a50bf4b8e20"
  integrity sha512-rh+Zjr6DNfUYR3bPwJEnuwDdqMbxZW7LOQfUN4B54+Cl+0o5zaU9RJ6bcidfDtC1cWCZXQ+nvX8bf6bAji37QQ==

malihu-custom-scrollbar-plugin@^3.1.5:
  version "3.1.5"
  resolved "https://registry.yarnpkg.com/malihu-custom-scrollbar-plugin/-/malihu-custom-scrollbar-plugin-3.1.5.tgz#310cecc5e59415a1c29e9dfb5d2b6e01d66a29ef"
  integrity sha512-lwW3LgI+CNDMPnP4ED2la6oYxWMkCXlnhex+s2wuOLhFDFGnGmQuTQVdRK9bvDLpxs10sGlfErVufJy9ztfgJQ==
  dependencies:
    jquery-mousewheel ">=3.0.6"

moment@^2.30.1, moment@^2.9.0:
  version "2.30.1"
  resolved "https://registry.yarnpkg.com/moment/-/moment-2.30.1.tgz#f8c91c07b7a786e30c59926df530b4eac96974ae"
  integrity sha512-uEmtNhbDOrWPFS+hdjFCBfy9f2YoyzRpwcl+DqpC6taX21FzsTLQVbMV/W7PzNSX6x/bhC1zA3c2UQ5NzH6how==

prismjs@^1.29.0:
  version "1.29.0"
  resolved "https://registry.yarnpkg.com/prismjs/-/prismjs-1.29.0.tgz#f113555a8fa9b57c35e637bba27509dcf802dd12"
  integrity sha512-Kx/1w86q/epKcmte75LNrEoT+lX8pBpavuAbvJWRXar7Hz8jrtF+e3vY751p0R8H9HdArwaCTNDDzHg/ScJK1Q==

select2@^4.0.13:
  version "4.0.13"
  resolved "https://registry.yarnpkg.com/select2/-/select2-4.0.13.tgz#0dbe377df3f96167c4c1626033e924372d8ef44d"
  integrity sha512-1JeB87s6oN/TDxQQYCvS5EFoQyvV6eYMZZ0AeA4tdFDYWN3BAGZ8npr17UBFddU0lgAt3H0yjX3X6/ekOj1yjw==

select@^1.1.2:
  version "1.1.2"
  resolved "https://registry.yarnpkg.com/select/-/select-1.1.2.tgz#0e7350acdec80b1108528786ec1d4418d11b396d"
  integrity sha512-OwpTSOfy6xSs1+pwcNrv0RBMOzI39Lp3qQKUTPVVPRjCdNa5JH/oPRiqsesIskK8TVgmRiHwO4KXlV2Li9dANA==

sweetalert2@^11.14.1:
  version "11.14.4"
  resolved "https://registry.yarnpkg.com/sweetalert2/-/sweetalert2-11.14.4.tgz#0186439674ea4f15991e41cea3af203ee497853c"
  integrity sha512-8QMzjxCuinwm18EK5AtYvuhP+lRMRxTWVXy8om9wGlULsXSI4TD29kyih3VYrSXMMBlD4EShFvNC7slhTC7j0w==

timeago@^1.6.7:
  version "1.6.7"
  resolved "https://registry.yarnpkg.com/timeago/-/timeago-1.6.7.tgz#afd467c29a911e697fc22a81888c7c3022783cb5"
  integrity sha512-FikcjN98+ij0siKH4VO4dZ358PR3oDDq4Vdl1+sN9gWz1/+JXGr3uZbUShYH/hL7bMhcTpPbplJU5Tej4b4jbQ==
  dependencies:
    jquery ">=1.5.0 <4.0"

tiny-emitter@^2.0.0:
  version "2.1.0"
  resolved "https://registry.yarnpkg.com/tiny-emitter/-/tiny-emitter-2.1.0.tgz#1d1a56edfc51c43e863cbb5382a72330e3555423"
  integrity sha512-NB6Dk1A9xgQPMoGqC5CVXn123gWyte215ONT5Pp5a0yt4nlEoO1ZWeCwpncaekPHXO60i47ihFnZPiRPjRMq4Q==
