# THIS IS AN AUTOGENERATED FILE. DO NOT EDIT THIS FILE DIRECTLY.
# yarn lockfile v1


"@abp/aspnetcore.mvc.ui.theme.shared@~9.3.0":
  version "9.3.0"
  resolved "https://registry.yarnpkg.com/@abp/aspnetcore.mvc.ui.theme.shared/-/aspnetcore.mvc.ui.theme.shared-9.3.0.tgz#19b2c082120a21a021a72cb516950b18e1388f1d"
  integrity sha512-Ps5e2+R4rB42K7hhEzynv3Um9cY/dlu/rj8ztcV+YExIl+MIx7LGyKEYH54YXmmwEmxBjDQAsZ93EZalAYN3vg==
  dependencies:
    "@abp/aspnetcore.mvc.ui" "~9.3.0"
    "@abp/bootstrap" "~9.3.0"
    "@abp/bootstrap-datepicker" "~9.3.0"
    "@abp/bootstrap-daterangepicker" "~9.3.0"
    "@abp/datatables.net-bs5" "~9.3.0"
    "@abp/font-awesome" "~9.3.0"
    "@abp/jquery-form" "~9.3.0"
    "@abp/jquery-validation-unobtrusive" "~9.3.0"
    "@abp/lodash" "~9.3.0"
    "@abp/luxon" "~9.3.0"
    "@abp/malihu-custom-scrollbar-plugin" "~9.3.0"
    "@abp/moment" "~9.3.0"
    "@abp/select2" "~9.3.0"
    "@abp/sweetalert2" "~9.3.0"
    "@abp/timeago" "~9.3.0"

"@abp/aspnetcore.mvc.ui@~9.3.0":
  version "9.3.0"
  resolved "https://registry.yarnpkg.com/@abp/aspnetcore.mvc.ui/-/aspnetcore.mvc.ui-9.3.0.tgz#eb197a50a094daca252ad98bf2b6357d41b4c73d"
  integrity sha512-fTjPqxCSs5g2G9v5IpF+tO/0O9tJHK0J/lS/nOjh3gBml4EERFne5amrr2aPzGLi7B5fKtH/wv5/o8A2oyv3qA==
  dependencies:
    ansi-colors "^4.1.3"

"@abp/bootstrap-datepicker@~9.3.0":
  version "9.3.0"
  resolved "https://registry.yarnpkg.com/@abp/bootstrap-datepicker/-/bootstrap-datepicker-9.3.0.tgz#69764fbbdda067cd758b57bed5b7ea5af681b1ac"
  integrity sha512-uRghuzNt5DdJthhvqc6VvNPf8GzwFekTwXIB4hKNhHgQd8ns6ibcQbyhxw+XQbNN6OLUoqdz33XC4cczV1YKcA==
  dependencies:
    bootstrap-datepicker "^1.10.0"

"@abp/bootstrap-daterangepicker@~9.3.0":
  version "9.3.0"
  resolved "https://registry.yarnpkg.com/@abp/bootstrap-daterangepicker/-/bootstrap-daterangepicker-9.3.0.tgz#97628ce76a354cc72535c45cc5a15d77d48786cd"
  integrity sha512-2ieD/U8ng3QxzfDFYkFVbaCk5zOhVUXYuonvA1Z3/ngORV4URXKvJcX41hnWfcFitgImqW41vEdgX2nvNjSBsQ==
  dependencies:
    bootstrap-daterangepicker "^3.1.0"

"@abp/bootstrap@~9.3.0":
  version "9.3.0"
  resolved "https://registry.yarnpkg.com/@abp/bootstrap/-/bootstrap-9.3.0.tgz#1c90091f0734ba53e86478e6e5943f6e4fc92b3c"
  integrity sha512-vGDWJ/Z1U8bZ7eOULcpMwQFHsnqsr2h3zEwyEH6zD9FcXFA9Wj53PRi2Eu571YX9j1w7nhDJAdNQ5CJZ0IBeLw==
  dependencies:
    "@abp/core" "~9.3.0"
    bootstrap "^5.3.3"

"@abp/clipboard@~9.3.0":
  version "9.3.0"
  resolved "https://registry.yarnpkg.com/@abp/clipboard/-/clipboard-9.3.0.tgz#282723f42fd749385e7f2cef8c6129173c7c75e3"
  integrity sha512-im1HYhcfFvDC1ImA7uYK4m6eTG6pfNmGBf+90Kd5eqlU5gc55pHESiH7YHS0eOahy4JrolpG+pVuVo0+ewILsQ==
  dependencies:
    "@abp/core" "~9.3.0"
    clipboard "^2.0.11"

"@abp/core@~9.3.0":
  version "9.3.0"
  resolved "https://registry.yarnpkg.com/@abp/core/-/core-9.3.0.tgz#6d9c955ffdc316d04812ce0e979a2fc95d5e1f38"
  integrity sha512-uyzc+rXb/0acHiMpmXoyB0vMSofLkTOu2a5BDe2nftWya0kF8eNtA8XXplIC/J0xKn76pjC16kT6q3jhhCatuQ==
  dependencies:
    "@abp/utils" "~9.3.0"

"@abp/datatables.net-bs5@~9.3.0":
  version "9.3.0"
  resolved "https://registry.yarnpkg.com/@abp/datatables.net-bs5/-/datatables.net-bs5-9.3.0.tgz#40894fda15f2bfde630f5533264161c5e14afb62"
  integrity sha512-Nwuqk5ucr5rJPEKzo90YzEJnyl9vfRcex28KpV8eY5OwdwlfXNv97BE+dzq8UQWjG+1FiImcJPFzFn44XrY7Sg==
  dependencies:
    "@abp/datatables.net" "~9.3.0"
    datatables.net-bs5 "^2.1.8"

"@abp/datatables.net@~9.3.0":
  version "9.3.0"
  resolved "https://registry.yarnpkg.com/@abp/datatables.net/-/datatables.net-9.3.0.tgz#3e3eebe2c240b7de1e28118cd001412339f05f6a"
  integrity sha512-OmysnH0kiqfBD3XmPmV2QXvlWzd/35bzCM1jgKllknxaQOzazZmtWYEeCt8bXQBnKxQYB6oZ61+wgXIZBdjOxA==
  dependencies:
    "@abp/jquery" "~9.3.0"
    datatables.net "^2.1.8"

"@abp/font-awesome@~9.3.0":
  version "9.3.0"
  resolved "https://registry.yarnpkg.com/@abp/font-awesome/-/font-awesome-9.3.0.tgz#821b77eba75bb911cf5955f97d60f9d6abf9caf6"
  integrity sha512-2wJGIOMmIVc5rTWDr8i5SKYrJZvyDQmZ3vpKvyIf9U2Gtt9WavKf+zOtOnfYnOVQ9PVc7tDyejZMe89AFd8mLw==
  dependencies:
    "@abp/core" "~9.3.0"
    "@fortawesome/fontawesome-free" "^6.6.0"

"@abp/highlight.js@~9.3.0":
  version "9.3.0"
  resolved "https://registry.yarnpkg.com/@abp/highlight.js/-/highlight.js-9.3.0.tgz#b4aa4d48b55ef6833c6440bd4f8f0aefec150742"
  integrity sha512-HQQKH2Zlud3KOPJweXxZerdWNIU8LLeN7uj5dN17FKO1OuwCEw/JyvQnbGLB6Kj+Re+e5f+kGavickI9PlSidw==
  dependencies:
    "@abp/core" "~9.3.0"
    "@highlightjs/cdn-assets" "~11.10.0"

"@abp/jquery-form@~9.3.0":
  version "9.3.0"
  resolved "https://registry.yarnpkg.com/@abp/jquery-form/-/jquery-form-9.3.0.tgz#900dc6be3c9405113943388db015765522d0d0cf"
  integrity sha512-4y2vqsW5gXaa/Lg+6M0MaR4PLMAdBXyI7+rvaGQ+0SeWDOULWi3H89shjCN/reRy09n7QDnRn9fs7D8+E2QGIw==
  dependencies:
    "@abp/jquery" "~9.3.0"
    jquery-form "^4.3.0"

"@abp/jquery-validation-unobtrusive@~9.3.0":
  version "9.3.0"
  resolved "https://registry.yarnpkg.com/@abp/jquery-validation-unobtrusive/-/jquery-validation-unobtrusive-9.3.0.tgz#2d4ede7578329dd96c90834c836309a2d0f247b7"
  integrity sha512-mE3Koplfi69XR/PWEa/+LTmy8VSJsoysGVlFQT/YSy5zEhnVqdr+BLm+/JqosTbk9hBN4wDRjPpVb+yNkZtMTw==
  dependencies:
    "@abp/jquery-validation" "~9.3.0"
    jquery-validation-unobtrusive "^4.0.0"

"@abp/jquery-validation@~9.3.0":
  version "9.3.0"
  resolved "https://registry.yarnpkg.com/@abp/jquery-validation/-/jquery-validation-9.3.0.tgz#2c7249f3c4f1fab247b114010b77a99f34c1bacc"
  integrity sha512-MVvpVMeBt0xzY84nldrQu2nThO7FFnxlEbFffESh/jZ3u4jiU/Yt7AYL3vrHOpqyvEHIdfWKsdOjBdRTRYbuLA==
  dependencies:
    "@abp/jquery" "~9.3.0"
    jquery-validation "^1.21.0"

"@abp/jquery@~9.3.0":
  version "9.3.0"
  resolved "https://registry.yarnpkg.com/@abp/jquery/-/jquery-9.3.0.tgz#88d516de96b33b7b3a7ff3293802b74b94af88ea"
  integrity sha512-/zof5pCdxLsQM1cYmn73Q9I49/uO1fUlOhitzDwHEbXZjQyWg3pjOyiApPlE7Ve1eYECskXGhNqBYKvEedJoAQ==
  dependencies:
    "@abp/core" "~9.3.0"
    jquery "~3.7.1"

"@abp/lodash@~9.3.0":
  version "9.3.0"
  resolved "https://registry.yarnpkg.com/@abp/lodash/-/lodash-9.3.0.tgz#3b9ba5e6a0b155d6d312fe8106456342927fa32d"
  integrity sha512-6cZVDMTscdOnK5oZ537DF0dO+KZnFn5GEESpRbo+5ld0DwMg0RmlxJ4jt4NVrmptJmr0fZezq7sBmpxsdpViWA==
  dependencies:
    "@abp/core" "~9.3.0"
    lodash "^4.17.21"

"@abp/luxon@~9.3.0":
  version "9.3.0"
  resolved "https://registry.yarnpkg.com/@abp/luxon/-/luxon-9.3.0.tgz#a9ff3527514538c707485107107671d7714d162c"
  integrity sha512-ZthDi5yl4/7MyhLxxW9zKgl7K1g6Sj+MfSOx2xXTDOrOnDzeDgZ6q1GeEzfqosU8bFULRzgZLnwdrGf7qPSNLQ==
  dependencies:
    "@abp/core" "~9.3.0"
    luxon "^3.5.0"

"@abp/malihu-custom-scrollbar-plugin@~9.3.0":
  version "9.3.0"
  resolved "https://registry.yarnpkg.com/@abp/malihu-custom-scrollbar-plugin/-/malihu-custom-scrollbar-plugin-9.3.0.tgz#3a3432eccfe813220887417681ee62e10271d4da"
  integrity sha512-l+PBUudx2xnX/fMGoLO4kYeclVk7UQ2YEKp5kDNGMHxjRPZY3cbffXtvLdGovxXGI17y1JlmfdaEQKLKmoQfyQ==
  dependencies:
    "@abp/core" "~9.3.0"
    malihu-custom-scrollbar-plugin "^3.1.5"

"@abp/moment@~9.3.0":
  version "9.3.0"
  resolved "https://registry.yarnpkg.com/@abp/moment/-/moment-9.3.0.tgz#e8631060d5d5cbf574253d05b2cd3ef901880103"
  integrity sha512-MC50cSmvlFLKmvjGM+1z6SgyV+xv81AcdrJZHNLF8KvPPHVZwcTN2uJmOQVdLKu13r1o0doD8O3AX9Pze+kwpw==
  dependencies:
    moment "^2.30.1"

"@abp/prismjs@~9.3.0":
  version "9.3.0"
  resolved "https://registry.yarnpkg.com/@abp/prismjs/-/prismjs-9.3.0.tgz#500bf2ad0e944d30111d588fc93e480a6e41be0d"
  integrity sha512-hcAnr5n77Duj1Z8TPe3L7J1D5vskUMcIZa2TDlOScgwSZGRK+7L58fXraLWreifVQAKSjBmtb14bgh07+M3k6Q==
  dependencies:
    "@abp/clipboard" "~9.3.0"
    "@abp/core" "~9.3.0"
    prismjs "^1.29.0"

"@abp/select2@~9.3.0":
  version "9.3.0"
  resolved "https://registry.yarnpkg.com/@abp/select2/-/select2-9.3.0.tgz#43fe4923d58d8758863bcb090451828fe7baab59"
  integrity sha512-KntYlirtHjm9rMdj98buqjXKYEIH0xgGj2jAzah0vWxbWqi2hsrTrpUZZIx1Nw7+7l75V2kEVTlKCc67aT66KQ==
  dependencies:
    "@abp/core" "~9.3.0"
    select2 "^4.0.13"

"@abp/sweetalert2@~9.3.0":
  version "9.3.0"
  resolved "https://registry.yarnpkg.com/@abp/sweetalert2/-/sweetalert2-9.3.0.tgz#c5d7ebb6ad39665a520b6ae82b7a46e22b466f45"
  integrity sha512-7Io9GW9PKSo91m86G3/d0hjdYDada+qPktdk2rsXyfBFSLwaEhOaF4nuGAzCdYNlKAlafzOeqLQMOCN+anzElA==
  dependencies:
    "@abp/core" "~9.3.0"
    sweetalert2 "^11.14.1"

"@abp/timeago@~9.3.0":
  version "9.3.0"
  resolved "https://registry.yarnpkg.com/@abp/timeago/-/timeago-9.3.0.tgz#1b68b4ac06df9bcd672383e40501b81c15150f5c"
  integrity sha512-5hPeLfQo+B2L+ZTqE1XncjE5/BQHF9FDVOit2cuwSq97JnMif2g8O1h2Rx3fvgriTag9E1GGpkHP6+90TT5GTA==
  dependencies:
    "@abp/jquery" "~9.3.0"
    timeago "^1.6.7"

"@abp/utils@~9.3.0":
  version "9.3.0"
  resolved "https://registry.yarnpkg.com/@abp/utils/-/utils-9.3.0.tgz#25668cdc5b58ea071aed300e04fdf9c9d44a41c5"
  integrity sha512-rypUWd5BMyrf9fHTXAH9OarfhrK/SMcH1ioawStnAtC9vKTNN3Sn+m+tBfhGIWxLQdzUuZLzWTuAJmkVc4Ousg==
  dependencies:
    just-compare "^2.3.0"

"@fortawesome/fontawesome-free@^6.6.0":
  version "6.6.0"
  resolved "https://registry.yarnpkg.com/@fortawesome/fontawesome-free/-/fontawesome-free-6.6.0.tgz#0e984f0f2344ee513c185d87d77defac4c0c8224"
  integrity sha512-60G28ke/sXdtS9KZCpZSHHkCbdsOGEhIUGlwq6yhY74UpTiToIh8np7A8yphhM4BWsvNFtIvLpi4co+h9Mr9Ow==

"@highlightjs/cdn-assets@~11.10.0":
  version "11.10.0"
  resolved "https://registry.yarnpkg.com/@highlightjs/cdn-assets/-/cdn-assets-11.10.0.tgz#cbf79698d83eea89e5cde01fee40f1b7df46ad7f"
  integrity sha512-vWXpu+Rdm0YMJmugFdUiL/9DmgYjEiV+d5DBqlXdApnGPSIeo6+LRS5Hpx6fvVsKkvR4RsLYD9rQ6DOLkj7OKA==

ansi-colors@^4.1.3:
  version "4.1.3"
  resolved "https://registry.yarnpkg.com/ansi-colors/-/ansi-colors-4.1.3.tgz#37611340eb2243e70cc604cad35d63270d48781b"
  integrity sha512-/6w/C21Pm1A7aZitlI5Ni/2J6FFQN8i1Cvz3kHABAAbw93v/NlvKdVOqz7CCWz/3iv/JplRSEEZ83XION15ovw==

bootstrap-datepicker@^1.10.0:
  version "1.10.0"
  resolved "https://registry.yarnpkg.com/bootstrap-datepicker/-/bootstrap-datepicker-1.10.0.tgz#61612bbe8bf0a69a5bce32bbcdda93ebb6ccf24a"
  integrity sha512-lWxtSYddAQOpbAO8UhYhHLcK6425eWoSjb5JDvZU3ePHEPF6A3eUr51WKaFy4PccU19JRxUG6wEU3KdhtKfvpg==
  dependencies:
    jquery ">=3.4.0 <4.0.0"

bootstrap-daterangepicker@^3.1.0:
  version "3.1.0"
  resolved "https://registry.yarnpkg.com/bootstrap-daterangepicker/-/bootstrap-daterangepicker-3.1.0.tgz#632e6fb2de4b6360c5c0a9d5f6adb9aace051fe8"
  integrity sha512-oaQZx6ZBDo/dZNyXGVi2rx5GmFXThyQLAxdtIqjtLlYVaQUfQALl5JZMJJZzyDIX7blfy4ppZPAJ10g8Ma4d/g==
  dependencies:
    jquery ">=1.10"
    moment "^2.9.0"

bootstrap@^5.3.3:
  version "5.3.3"
  resolved "https://registry.yarnpkg.com/bootstrap/-/bootstrap-5.3.3.tgz#de35e1a765c897ac940021900fcbb831602bac38"
  integrity sha512-8HLCdWgyoMguSO9o+aH+iuZ+aht+mzW0u3HIMzVu7Srrpv7EBBxTnrFlSCskwdY1+EOFQSm7uMJhNQHkdPcmjg==

clipboard@^2.0.11:
  version "2.0.11"
  resolved "https://registry.yarnpkg.com/clipboard/-/clipboard-2.0.11.tgz#62180360b97dd668b6b3a84ec226975762a70be5"
  integrity sha512-C+0bbOqkezLIsmWSvlsXS0Q0bmkugu7jcfMIACB+RDEntIzQIkdr148we28AfSloQLRdZlYL/QYyrq05j/3Faw==
  dependencies:
    good-listener "^1.2.2"
    select "^1.1.2"
    tiny-emitter "^2.0.0"

datatables.net-bs5@^2.1.8:
  version "2.1.8"
  resolved "https://registry.yarnpkg.com/datatables.net-bs5/-/datatables.net-bs5-2.1.8.tgz#860717c4ee85ecb84812ba9a73fb1204aa2a68b6"
  integrity sha512-YlGws8eI3iw/1AmKJH18+YMzm/UgGb6o9s14KAC24QT1/8anolm8GnVAgGcwUcvHm3hn1i8A5QXqgbqeMRINeg==
  dependencies:
    datatables.net "2.1.8"
    jquery ">=1.7"

datatables.net@2.1.8, datatables.net@^2.1.8:
  version "2.1.8"
  resolved "https://registry.yarnpkg.com/datatables.net/-/datatables.net-2.1.8.tgz#9b020f18e927cc924d72411f62dc595cc688669b"
  integrity sha512-47ULt+U4bcjbuGTpTlT6SnCuSFVRBxxdWa6X3NfvTObBJ2BZU0o+JUIl05wQ6cABNIavjbAV51gpgvFsMHL9zA==
  dependencies:
    jquery ">=1.7"

delegate@^3.1.2:
  version "3.2.0"
  resolved "https://registry.yarnpkg.com/delegate/-/delegate-3.2.0.tgz#b66b71c3158522e8ab5744f720d8ca0c2af59166"
  integrity sha512-IofjkYBZaZivn0V8nnsMJGBr4jVLxHDheKSW88PyxS5QC4Vo9ZbZVvhzlSxY87fVq3STR6r+4cGepyHkcWOQSw==

good-listener@^1.2.2:
  version "1.2.2"
  resolved "https://registry.yarnpkg.com/good-listener/-/good-listener-1.2.2.tgz#d53b30cdf9313dffb7dc9a0d477096aa6d145c50"
  integrity sha512-goW1b+d9q/HIwbVYZzZ6SsTr4IgE+WA44A0GmPIQstuOrgsFcT7VEJ48nmr9GaRtNu0XTKacFLGnBPAM6Afouw==
  dependencies:
    delegate "^3.1.2"

jquery-form@^4.3.0:
  version "4.3.0"
  resolved "https://registry.yarnpkg.com/jquery-form/-/jquery-form-4.3.0.tgz#7d3961c314a1f2d15298f4af1d3943f54f4149c6"
  integrity sha512-q3uaVCEWdLOYUCI6dpNdwf/7cJFOsUgdpq6r0taxtGQ5NJSkOzofyWm4jpOuJ5YxdmL1FI5QR+q+HB63HHLGnQ==
  dependencies:
    jquery ">=1.7.2"

jquery-mousewheel@>=3.0.6:
  version "3.1.13"
  resolved "https://registry.yarnpkg.com/jquery-mousewheel/-/jquery-mousewheel-3.1.13.tgz#06f0335f16e353a695e7206bf50503cb523a6ee5"
  integrity sha512-GXhSjfOPyDemM005YCEHvzrEALhKDIswtxSHSR2e4K/suHVJKJxxRCGz3skPjNxjJjQa9AVSGGlYjv1M3VLIPg==

jquery-validation-unobtrusive@^4.0.0:
  version "4.0.0"
  resolved "https://registry.yarnpkg.com/jquery-validation-unobtrusive/-/jquery-validation-unobtrusive-4.0.0.tgz#dfcf25a558496a2c883db6021d10f5398d15f99d"
  integrity sha512-1ervYFFv6LX/rp7ktuLnMakHNG0piNRDyROI8Ir3hL1vPIwylAehB1AY3BPrYJnzW3WmwWryZq+Bz4sazZK9iQ==
  dependencies:
    jquery "^3.6.0"
    jquery-validation ">=1.19"

jquery-validation@>=1.19, jquery-validation@^1.21.0:
  version "1.21.0"
  resolved "https://registry.yarnpkg.com/jquery-validation/-/jquery-validation-1.21.0.tgz#78fc05ab76020912a246af3661b3f54a438bca93"
  integrity sha512-xNot0rlUIgu7duMcQ5qb6MGkGL/Z1PQaRJQoZAURW9+a/2PGOUxY36o/WyNeP2T9R6jvWB8Z9lUVvvQWI/Zs5w==

jquery@>=1.10, "jquery@>=1.5.0 <4.0", jquery@>=1.7, jquery@>=1.7.2, "jquery@>=3.4.0 <4.0.0", jquery@^3.6.0, jquery@~3.7.1:
  version "3.7.1"
  resolved "https://registry.yarnpkg.com/jquery/-/jquery-3.7.1.tgz#083ef98927c9a6a74d05a6af02806566d16274de"
  integrity sha512-m4avr8yL8kmFN8psrbFFFmB/If14iN5o9nw/NgnnM+kybDJpRsAynV2BsfpTYrTRysYUdADVD7CkUUizgkpLfg==

just-compare@^2.3.0:
  version "2.3.0"
  resolved "https://registry.yarnpkg.com/just-compare/-/just-compare-2.3.0.tgz#a2adcc1d1940536263275f5a1ef1298bcacfeda7"
  integrity sha512-6shoR7HDT+fzfL3gBahx1jZG3hWLrhPAf+l7nCwahDdT9XDtosB9kIF0ZrzUp5QY8dJWfQVr5rnsPqsbvflDzg==

lodash@^4.17.21:
  version "4.17.21"
  resolved "https://registry.yarnpkg.com/lodash/-/lodash-4.17.21.tgz#679591c564c3bffaae8454cf0b3df370c3d6911c"
  integrity sha512-v2kDEe57lecTulaDIuNTPy3Ry4gLGJ6Z1O3vE1krgXZNrsQ+LFTGHVxVjcXPs17LhbZVGedAJv8XZ1tvj5FvSg==

luxon@^3.5.0:
  version "3.5.0"
  resolved "https://registry.yarnpkg.com/luxon/-/luxon-3.5.0.tgz#6b6f65c5cd1d61d1fd19dbf07ee87a50bf4b8e20"
  integrity sha512-rh+Zjr6DNfUYR3bPwJEnuwDdqMbxZW7LOQfUN4B54+Cl+0o5zaU9RJ6bcidfDtC1cWCZXQ+nvX8bf6bAji37QQ==

malihu-custom-scrollbar-plugin@^3.1.5:
  version "3.1.5"
  resolved "https://registry.yarnpkg.com/malihu-custom-scrollbar-plugin/-/malihu-custom-scrollbar-plugin-3.1.5.tgz#310cecc5e59415a1c29e9dfb5d2b6e01d66a29ef"
  integrity sha512-lwW3LgI+CNDMPnP4ED2la6oYxWMkCXlnhex+s2wuOLhFDFGnGmQuTQVdRK9bvDLpxs10sGlfErVufJy9ztfgJQ==
  dependencies:
    jquery-mousewheel ">=3.0.6"

moment@^2.30.1, moment@^2.9.0:
  version "2.30.1"
  resolved "https://registry.yarnpkg.com/moment/-/moment-2.30.1.tgz#f8c91c07b7a786e30c59926df530b4eac96974ae"
  integrity sha512-uEmtNhbDOrWPFS+hdjFCBfy9f2YoyzRpwcl+DqpC6taX21FzsTLQVbMV/W7PzNSX6x/bhC1zA3c2UQ5NzH6how==

prismjs@^1.29.0:
  version "1.29.0"
  resolved "https://registry.yarnpkg.com/prismjs/-/prismjs-1.29.0.tgz#f113555a8fa9b57c35e637bba27509dcf802dd12"
  integrity sha512-Kx/1w86q/epKcmte75LNrEoT+lX8pBpavuAbvJWRXar7Hz8jrtF+e3vY751p0R8H9HdArwaCTNDDzHg/ScJK1Q==

select2@^4.0.13:
  version "4.0.13"
  resolved "https://registry.yarnpkg.com/select2/-/select2-4.0.13.tgz#0dbe377df3f96167c4c1626033e924372d8ef44d"
  integrity sha512-1JeB87s6oN/TDxQQYCvS5EFoQyvV6eYMZZ0AeA4tdFDYWN3BAGZ8npr17UBFddU0lgAt3H0yjX3X6/ekOj1yjw==

select@^1.1.2:
  version "1.1.2"
  resolved "https://registry.yarnpkg.com/select/-/select-1.1.2.tgz#0e7350acdec80b1108528786ec1d4418d11b396d"
  integrity sha512-OwpTSOfy6xSs1+pwcNrv0RBMOzI39Lp3qQKUTPVVPRjCdNa5JH/oPRiqsesIskK8TVgmRiHwO4KXlV2Li9dANA==

sweetalert2@^11.14.1:
  version "11.14.4"
  resolved "https://registry.yarnpkg.com/sweetalert2/-/sweetalert2-11.14.4.tgz#0186439674ea4f15991e41cea3af203ee497853c"
  integrity sha512-8QMzjxCuinwm18EK5AtYvuhP+lRMRxTWVXy8om9wGlULsXSI4TD29kyih3VYrSXMMBlD4EShFvNC7slhTC7j0w==

timeago@^1.6.7:
  version "1.6.7"
  resolved "https://registry.yarnpkg.com/timeago/-/timeago-1.6.7.tgz#afd467c29a911e697fc22a81888c7c3022783cb5"
  integrity sha512-FikcjN98+ij0siKH4VO4dZ358PR3oDDq4Vdl1+sN9gWz1/+JXGr3uZbUShYH/hL7bMhcTpPbplJU5Tej4b4jbQ==
  dependencies:
    jquery ">=1.5.0 <4.0"

tiny-emitter@^2.0.0:
  version "2.1.0"
  resolved "https://registry.yarnpkg.com/tiny-emitter/-/tiny-emitter-2.1.0.tgz#1d1a56edfc51c43e863cbb5382a72330e3555423"
  integrity sha512-NB6Dk1A9xgQPMoGqC5CVXn123gWyte215ONT5Pp5a0yt4nlEoO1ZWeCwpncaekPHXO60i47ihFnZPiRPjRMq4Q==
