# THIS IS AN AUTOGENERATED FILE. DO NOT EDIT THIS FILE DIRECTLY.
# yarn lockfile v1


"@abp/aspnetcore.mvc.ui.theme.basic@~9.3.0-rc.2":
  version "9.3.0-rc.2"
  resolved "https://registry.yarnpkg.com/@abp/aspnetcore.mvc.ui.theme.basic/-/aspnetcore.mvc.ui.theme.basic-9.3.0-rc.2.tgz#96af6849a15f0b7fd072226efc5d93a4e9d0f12b"
  integrity sha512-mnvBYJ5v9aI8cuTOG78EVsPQUWz5RboFJc46MzLYpd83qCfdeKOV1PMMoZo+QzLLTh57hhEa/Xk9DT+zbZyzHw==
  dependencies:
    "@abp/aspnetcore.mvc.ui.theme.shared" "~9.3.0-rc.2"

"@abp/aspnetcore.mvc.ui.theme.shared@~9.3.0-rc.2":
  version "9.3.0-rc.2"
  resolved "https://registry.yarnpkg.com/@abp/aspnetcore.mvc.ui.theme.shared/-/aspnetcore.mvc.ui.theme.shared-9.3.0-rc.2.tgz#ea6bd071159b9a54ff7109e85352785721fda883"
  integrity sha512-UlBLPbyTTxSoiJ6uRQWt8dXKutck2usaT2FRMgdEC13Jn97b2qYuEI/03nuPb9RKoNW8cAodG+h7VMNkuWIJ8A==
  dependencies:
    "@abp/aspnetcore.mvc.ui" "~9.3.0-rc.2"
    "@abp/bootstrap" "~9.3.0-rc.2"
    "@abp/bootstrap-datepicker" "~9.3.0-rc.2"
    "@abp/bootstrap-daterangepicker" "~9.3.0-rc.2"
    "@abp/datatables.net-bs5" "~9.3.0-rc.2"
    "@abp/font-awesome" "~9.3.0-rc.2"
    "@abp/jquery-form" "~9.3.0-rc.2"
    "@abp/jquery-validation-unobtrusive" "~9.3.0-rc.2"
    "@abp/lodash" "~9.3.0-rc.2"
    "@abp/luxon" "~9.3.0-rc.2"
    "@abp/malihu-custom-scrollbar-plugin" "~9.3.0-rc.2"
    "@abp/moment" "~9.3.0-rc.2"
    "@abp/select2" "~9.3.0-rc.2"
    "@abp/sweetalert2" "~9.3.0-rc.2"
    "@abp/timeago" "~9.3.0-rc.2"

"@abp/aspnetcore.mvc.ui@~9.3.0-rc.2":
  version "9.3.0-rc.2"
  resolved "https://registry.yarnpkg.com/@abp/aspnetcore.mvc.ui/-/aspnetcore.mvc.ui-9.3.0-rc.2.tgz#2f8901f43d6ccd7c837d575c90a850921096c98b"
  integrity sha512-k9H0TM4m88r9rD+exuoP8LF+jCAgLfieswCMLT9q3riD7vWxyeJ+4bRQzke77IOurvU9+2t5NMOPsKp8E+oWCw==
  dependencies:
    ansi-colors "^4.1.3"

"@abp/bootstrap-datepicker@~9.3.0-rc.2":
  version "9.3.0-rc.2"
  resolved "https://registry.yarnpkg.com/@abp/bootstrap-datepicker/-/bootstrap-datepicker-9.3.0-rc.2.tgz#679bf523744dc66175e9c72e64967e3360d1c688"
  integrity sha512-blnySbr4/vDo3bjOP9d9nkzKZ6gMFhnV9AcvRRae0a/urbx3weQzWr36F2QAe3w/Sv+zHX12DxJzOKx9N8mdTA==
  dependencies:
    bootstrap-datepicker "^1.10.0"

"@abp/bootstrap-daterangepicker@~9.3.0-rc.2":
  version "9.3.0-rc.2"
  resolved "https://registry.yarnpkg.com/@abp/bootstrap-daterangepicker/-/bootstrap-daterangepicker-9.3.0-rc.2.tgz#f5ff983182802556a25366bdc874fcf71db4bbbf"
  integrity sha512-h+vzbjIjXlQL5xXCpaRgLn//S7ET/AjkVQDkxcvSkH+92ErAw6Y7R2zWpIJsQBVKw2m42QP1lq3auCQNzdBA5g==
  dependencies:
    bootstrap-daterangepicker "^3.1.0"

"@abp/bootstrap@~9.3.0-rc.2":
  version "9.3.0-rc.2"
  resolved "https://registry.yarnpkg.com/@abp/bootstrap/-/bootstrap-9.3.0-rc.2.tgz#8e6dda77d2fa6eb7c9a961600b6f864d3d6a0cd9"
  integrity sha512-MKkUdDiq/ZD4ZI39QTN6/vqjded6vrUE0XgFHU82FUo9fVDDjPmSiKtbWmtGEfVSATJ5/EoFLBEzxpGLskMZkA==
  dependencies:
    "@abp/core" "~9.3.0-rc.2"
    bootstrap "^5.3.3"

"@abp/core@~9.3.0-rc.2":
  version "9.3.0-rc.2"
  resolved "https://registry.yarnpkg.com/@abp/core/-/core-9.3.0-rc.2.tgz#d0e8297c9bd57ae30de6982a51dbd83d5b3c8c99"
  integrity sha512-FciSZCIlJy4+ZCxcVioVrkdI4GXHXukmLhRMg1SAjTPXh99f6KcMliuwQWj8Zt2hqClvKKCvoAi54qg5ZOsWrA==
  dependencies:
    "@abp/utils" "~9.3.0-rc.2"

"@abp/datatables.net-bs5@~9.3.0-rc.2":
  version "9.3.0-rc.2"
  resolved "https://registry.yarnpkg.com/@abp/datatables.net-bs5/-/datatables.net-bs5-9.3.0-rc.2.tgz#667b658129ff721905488ded8db68689ce843e96"
  integrity sha512-TQeX60sf4HMMp8aYK+zKQxD8extRQaO4x78ZyNYqIPauWNPNlwWQQExXp2jPBQwW1DMsKfTL2HiZ2QoiyNI0/w==
  dependencies:
    "@abp/datatables.net" "~9.3.0-rc.2"
    datatables.net-bs5 "^2.1.8"

"@abp/datatables.net@~9.3.0-rc.2":
  version "9.3.0-rc.2"
  resolved "https://registry.yarnpkg.com/@abp/datatables.net/-/datatables.net-9.3.0-rc.2.tgz#8ec8736b8a6a6bd033dd19c2c735d42506193ce8"
  integrity sha512-fohqzS40GdijWSMlMtwtiLrybiNWsyqQcRJNIgr80raiwuZp/m+oiDOLR0VkqADaQskESb8VVA1h06MHLzyabg==
  dependencies:
    "@abp/jquery" "~9.3.0-rc.2"
    datatables.net "^2.1.8"

"@abp/font-awesome@~9.3.0-rc.2":
  version "9.3.0-rc.2"
  resolved "https://registry.yarnpkg.com/@abp/font-awesome/-/font-awesome-9.3.0-rc.2.tgz#ab5c1ed83433585360ad52ea39c889564bb2b6b3"
  integrity sha512-uOKy1GXlrSkPsu+svpjiEhEhxvOvUCIYRluutpOD8EiOYQsurCzLaoYPEOBlhh+KFA1oxM4iYBPGW0QYLSmdVw==
  dependencies:
    "@abp/core" "~9.3.0-rc.2"
    "@fortawesome/fontawesome-free" "^6.6.0"

"@abp/jquery-form@~9.3.0-rc.2":
  version "9.3.0-rc.2"
  resolved "https://registry.yarnpkg.com/@abp/jquery-form/-/jquery-form-9.3.0-rc.2.tgz#3419ce773d94e38b76a4ca9a0c576ba401cf51a7"
  integrity sha512-rKB8g9zGFIqDeEMQSn7sd2zKkeINUBowiiqRyxoqCq1caF5uI/0K8GAq/aSC+Tn+fAQNfBumCGlTu2xj94qo8Q==
  dependencies:
    "@abp/jquery" "~9.3.0-rc.2"
    jquery-form "^4.3.0"

"@abp/jquery-validation-unobtrusive@~9.3.0-rc.2":
  version "9.3.0-rc.2"
  resolved "https://registry.yarnpkg.com/@abp/jquery-validation-unobtrusive/-/jquery-validation-unobtrusive-9.3.0-rc.2.tgz#b517f304bfec79c366a1aab1509207ae06b1c7d0"
  integrity sha512-ILqtiYKselB5cMVI43YHse1FJpOiExQtxK1DsgJ08JSHp0gdvmj2T6VjFsJDC1TnZ/5bJWKaLfJrje8NfoQKTw==
  dependencies:
    "@abp/jquery-validation" "~9.3.0-rc.2"
    jquery-validation-unobtrusive "^4.0.0"

"@abp/jquery-validation@~9.3.0-rc.2":
  version "9.3.0-rc.2"
  resolved "https://registry.yarnpkg.com/@abp/jquery-validation/-/jquery-validation-9.3.0-rc.2.tgz#5b20a56eaeda86c56226fb2eddd8d41d39d18cc9"
  integrity sha512-HVomeuXml5ooIYY5SeNvw3VssdwykGqUZp5AqHXdQ9/IZ/0VEaHkc35lQzNwPWEJGprXMmrswPshhMc7LZQSRA==
  dependencies:
    "@abp/jquery" "~9.3.0-rc.2"
    jquery-validation "^1.21.0"

"@abp/jquery@~9.3.0-rc.2":
  version "9.3.0-rc.2"
  resolved "https://registry.yarnpkg.com/@abp/jquery/-/jquery-9.3.0-rc.2.tgz#32c9d4c693efbf762a3d4e590d16c11913c9a870"
  integrity sha512-0g8cDxhK4hW8eFXLY2iyKqKsCM9+pUvIIj6WMZq75/slYVXtZlj/ES8NJwEfO1HQ/gafFB8OPietZLFaW2t19Q==
  dependencies:
    "@abp/core" "~9.3.0-rc.2"
    jquery "~3.7.1"

"@abp/lodash@~9.3.0-rc.2":
  version "9.3.0-rc.2"
  resolved "https://registry.yarnpkg.com/@abp/lodash/-/lodash-9.3.0-rc.2.tgz#08016d733fb0e842420efb24a207369694de67b1"
  integrity sha512-0j28Ra03gIXJZPshIfHcWAh2VG6eYZ3UeUgO+RbO2qvHCGHxl81SuXZsC+9BFgjnZcLnbX7EmSBqUXjxHet1pA==
  dependencies:
    "@abp/core" "~9.3.0-rc.2"
    lodash "^4.17.21"

"@abp/luxon@~9.3.0-rc.2":
  version "9.3.0-rc.2"
  resolved "https://registry.yarnpkg.com/@abp/luxon/-/luxon-9.3.0-rc.2.tgz#aef69eab7f1e2d72c2857b0a189ba33d5b2e11b2"
  integrity sha512-F9Q+/bRoqXCJyBeBX0jy2vvL65zLeG/cqdZEgsRgIhmw2lcaksuwoB8/m8Ld0ZQlngiQBZv8bZtRNyoLK3yn8g==
  dependencies:
    "@abp/core" "~9.3.0-rc.2"
    luxon "^3.5.0"

"@abp/malihu-custom-scrollbar-plugin@~9.3.0-rc.2":
  version "9.3.0-rc.2"
  resolved "https://registry.yarnpkg.com/@abp/malihu-custom-scrollbar-plugin/-/malihu-custom-scrollbar-plugin-9.3.0-rc.2.tgz#a1c8ae1380dff1c25b0961b8f75d11b1722400ca"
  integrity sha512-neRrlxdUTqtsy69JNnvJl0e8UNslMCa+myP9Ju1EZpsnaHvKe2MOWCnTUx1KhWkrmAFreKLmSp3nEZKyhffcug==
  dependencies:
    "@abp/core" "~9.3.0-rc.2"
    malihu-custom-scrollbar-plugin "^3.1.5"

"@abp/moment@~9.3.0-rc.2":
  version "9.3.0-rc.2"
  resolved "https://registry.yarnpkg.com/@abp/moment/-/moment-9.3.0-rc.2.tgz#935e55988013d53a7c3b403717c3c2ca7e63c219"
  integrity sha512-wX2I2SG/2LPCX+Lpq4sDbBiirC4cFUEuoItnI1R5o/so/rC3jl82A59KpAJIZUax2zwX6FJ+Fg5my5/YPz6+mw==
  dependencies:
    moment "^2.30.1"

"@abp/select2@~9.3.0-rc.2":
  version "9.3.0-rc.2"
  resolved "https://registry.yarnpkg.com/@abp/select2/-/select2-9.3.0-rc.2.tgz#a135956b12abc9127754c8f7f1421745bab9b0c0"
  integrity sha512-mWhz+Ut+3FWEGQ7uXbRLoynAgH/dRsL5HrDBg2KbjhhzAxYyoQjBletkZsqAfLhfoV7zHmVTFxdRuHf0s15MXA==
  dependencies:
    "@abp/core" "~9.3.0-rc.2"
    select2 "^4.0.13"

"@abp/sweetalert2@~9.3.0-rc.2":
  version "9.3.0-rc.2"
  resolved "https://registry.yarnpkg.com/@abp/sweetalert2/-/sweetalert2-9.3.0-rc.2.tgz#4f2c0f8db7146bf3433601d9e5cc198bdee5b15c"
  integrity sha512-+aBMAUpG2bnJc8bcmdoYMyWU1LKtn6SUCJ7poIgTYTGF8LffLp6yPuMjaFhYhQDA8t36ZoiftMGMFXK9jQJd/g==
  dependencies:
    "@abp/core" "~9.3.0-rc.2"
    sweetalert2 "^11.14.1"

"@abp/timeago@~9.3.0-rc.2":
  version "9.3.0-rc.2"
  resolved "https://registry.yarnpkg.com/@abp/timeago/-/timeago-9.3.0-rc.2.tgz#7a130d4ff129ad3c177a944325428b852bc2e90b"
  integrity sha512-2zWJj0uCSByS1jUWy7OW/bnZrpU42mBEk7+k1i0fhysTd6DrETdr1GwqzHXLTaBcRawKZl294SUxvttqFSqlgg==
  dependencies:
    "@abp/jquery" "~9.3.0-rc.2"
    timeago "^1.6.7"

"@abp/utils@~9.3.0-rc.2":
  version "9.3.0-rc.2"
  resolved "https://registry.yarnpkg.com/@abp/utils/-/utils-9.3.0-rc.2.tgz#1dc18e24e97d75d2ea7208eff14fe40cff6a9e39"
  integrity sha512-oTInzTmTXznlR6wnYUZa1lec88ms3i7fRN6uQd1pGm2lIISUJFdqGawSyOXyMyqSncSZrS7/RQicGAAWcYcqWw==
  dependencies:
    just-compare "^2.3.0"

"@fortawesome/fontawesome-free@^6.6.0":
  version "6.6.0"
  resolved "https://registry.yarnpkg.com/@fortawesome/fontawesome-free/-/fontawesome-free-6.6.0.tgz#0e984f0f2344ee513c185d87d77defac4c0c8224"
  integrity sha512-60G28ke/sXdtS9KZCpZSHHkCbdsOGEhIUGlwq6yhY74UpTiToIh8np7A8yphhM4BWsvNFtIvLpi4co+h9Mr9Ow==

ansi-colors@^4.1.3:
  version "4.1.3"
  resolved "https://registry.yarnpkg.com/ansi-colors/-/ansi-colors-4.1.3.tgz#37611340eb2243e70cc604cad35d63270d48781b"
  integrity sha512-/6w/C21Pm1A7aZitlI5Ni/2J6FFQN8i1Cvz3kHABAAbw93v/NlvKdVOqz7CCWz/3iv/JplRSEEZ83XION15ovw==

bootstrap-datepicker@^1.10.0:
  version "1.10.0"
  resolved "https://registry.yarnpkg.com/bootstrap-datepicker/-/bootstrap-datepicker-1.10.0.tgz#61612bbe8bf0a69a5bce32bbcdda93ebb6ccf24a"
  integrity sha512-lWxtSYddAQOpbAO8UhYhHLcK6425eWoSjb5JDvZU3ePHEPF6A3eUr51WKaFy4PccU19JRxUG6wEU3KdhtKfvpg==
  dependencies:
    jquery ">=3.4.0 <4.0.0"

bootstrap-daterangepicker@^3.1.0:
  version "3.1.0"
  resolved "https://registry.yarnpkg.com/bootstrap-daterangepicker/-/bootstrap-daterangepicker-3.1.0.tgz#632e6fb2de4b6360c5c0a9d5f6adb9aace051fe8"
  integrity sha512-oaQZx6ZBDo/dZNyXGVi2rx5GmFXThyQLAxdtIqjtLlYVaQUfQALl5JZMJJZzyDIX7blfy4ppZPAJ10g8Ma4d/g==
  dependencies:
    jquery ">=1.10"
    moment "^2.9.0"

bootstrap@^5.3.3:
  version "5.3.3"
  resolved "https://registry.yarnpkg.com/bootstrap/-/bootstrap-5.3.3.tgz#de35e1a765c897ac940021900fcbb831602bac38"
  integrity sha512-8HLCdWgyoMguSO9o+aH+iuZ+aht+mzW0u3HIMzVu7Srrpv7EBBxTnrFlSCskwdY1+EOFQSm7uMJhNQHkdPcmjg==

datatables.net-bs5@^2.1.8:
  version "2.1.8"
  resolved "https://registry.yarnpkg.com/datatables.net-bs5/-/datatables.net-bs5-2.1.8.tgz#860717c4ee85ecb84812ba9a73fb1204aa2a68b6"
  integrity sha512-YlGws8eI3iw/1AmKJH18+YMzm/UgGb6o9s14KAC24QT1/8anolm8GnVAgGcwUcvHm3hn1i8A5QXqgbqeMRINeg==
  dependencies:
    datatables.net "2.1.8"
    jquery ">=1.7"

datatables.net@2.1.8, datatables.net@^2.1.8:
  version "2.1.8"
  resolved "https://registry.yarnpkg.com/datatables.net/-/datatables.net-2.1.8.tgz#9b020f18e927cc924d72411f62dc595cc688669b"
  integrity sha512-47ULt+U4bcjbuGTpTlT6SnCuSFVRBxxdWa6X3NfvTObBJ2BZU0o+JUIl05wQ6cABNIavjbAV51gpgvFsMHL9zA==
  dependencies:
    jquery ">=1.7"

jquery-form@^4.3.0:
  version "4.3.0"
  resolved "https://registry.yarnpkg.com/jquery-form/-/jquery-form-4.3.0.tgz#7d3961c314a1f2d15298f4af1d3943f54f4149c6"
  integrity sha512-q3uaVCEWdLOYUCI6dpNdwf/7cJFOsUgdpq6r0taxtGQ5NJSkOzofyWm4jpOuJ5YxdmL1FI5QR+q+HB63HHLGnQ==
  dependencies:
    jquery ">=1.7.2"

jquery-mousewheel@>=3.0.6:
  version "3.1.13"
  resolved "https://registry.yarnpkg.com/jquery-mousewheel/-/jquery-mousewheel-3.1.13.tgz#06f0335f16e353a695e7206bf50503cb523a6ee5"
  integrity sha512-GXhSjfOPyDemM005YCEHvzrEALhKDIswtxSHSR2e4K/suHVJKJxxRCGz3skPjNxjJjQa9AVSGGlYjv1M3VLIPg==

jquery-validation-unobtrusive@^4.0.0:
  version "4.0.0"
  resolved "https://registry.yarnpkg.com/jquery-validation-unobtrusive/-/jquery-validation-unobtrusive-4.0.0.tgz#dfcf25a558496a2c883db6021d10f5398d15f99d"
  integrity sha512-1ervYFFv6LX/rp7ktuLnMakHNG0piNRDyROI8Ir3hL1vPIwylAehB1AY3BPrYJnzW3WmwWryZq+Bz4sazZK9iQ==
  dependencies:
    jquery "^3.6.0"
    jquery-validation ">=1.19"

jquery-validation@>=1.19, jquery-validation@^1.21.0:
  version "1.21.0"
  resolved "https://registry.yarnpkg.com/jquery-validation/-/jquery-validation-1.21.0.tgz#78fc05ab76020912a246af3661b3f54a438bca93"
  integrity sha512-xNot0rlUIgu7duMcQ5qb6MGkGL/Z1PQaRJQoZAURW9+a/2PGOUxY36o/WyNeP2T9R6jvWB8Z9lUVvvQWI/Zs5w==

jquery@>=1.10, "jquery@>=1.5.0 <4.0", jquery@>=1.7, jquery@>=1.7.2:
  version "3.6.4"
  resolved "https://registry.yarnpkg.com/jquery/-/jquery-3.6.4.tgz#ba065c188142100be4833699852bf7c24dc0252f"
  integrity sha512-v28EW9DWDFpzcD9O5iyJXg3R3+q+mET5JhnjJzQUZMHOv67bpSIHq81GEYpPNZHG+XXHsfSme3nxp/hndKEcsQ==

"jquery@>=3.4.0 <4.0.0", jquery@^3.6.0, jquery@~3.7.1:
  version "3.7.1"
  resolved "https://registry.yarnpkg.com/jquery/-/jquery-3.7.1.tgz#083ef98927c9a6a74d05a6af02806566d16274de"
  integrity sha512-m4avr8yL8kmFN8psrbFFFmB/If14iN5o9nw/NgnnM+kybDJpRsAynV2BsfpTYrTRysYUdADVD7CkUUizgkpLfg==

just-compare@^2.3.0:
  version "2.3.0"
  resolved "https://registry.yarnpkg.com/just-compare/-/just-compare-2.3.0.tgz#a2adcc1d1940536263275f5a1ef1298bcacfeda7"
  integrity sha512-6shoR7HDT+fzfL3gBahx1jZG3hWLrhPAf+l7nCwahDdT9XDtosB9kIF0ZrzUp5QY8dJWfQVr5rnsPqsbvflDzg==

lodash@^4.17.21:
  version "4.17.21"
  resolved "https://registry.yarnpkg.com/lodash/-/lodash-4.17.21.tgz#679591c564c3bffaae8454cf0b3df370c3d6911c"
  integrity sha512-v2kDEe57lecTulaDIuNTPy3Ry4gLGJ6Z1O3vE1krgXZNrsQ+LFTGHVxVjcXPs17LhbZVGedAJv8XZ1tvj5FvSg==

luxon@^3.5.0:
  version "3.5.0"
  resolved "https://registry.yarnpkg.com/luxon/-/luxon-3.5.0.tgz#6b6f65c5cd1d61d1fd19dbf07ee87a50bf4b8e20"
  integrity sha512-rh+Zjr6DNfUYR3bPwJEnuwDdqMbxZW7LOQfUN4B54+Cl+0o5zaU9RJ6bcidfDtC1cWCZXQ+nvX8bf6bAji37QQ==

malihu-custom-scrollbar-plugin@^3.1.5:
  version "3.1.5"
  resolved "https://registry.yarnpkg.com/malihu-custom-scrollbar-plugin/-/malihu-custom-scrollbar-plugin-3.1.5.tgz#310cecc5e59415a1c29e9dfb5d2b6e01d66a29ef"
  integrity sha512-lwW3LgI+CNDMPnP4ED2la6oYxWMkCXlnhex+s2wuOLhFDFGnGmQuTQVdRK9bvDLpxs10sGlfErVufJy9ztfgJQ==
  dependencies:
    jquery-mousewheel ">=3.0.6"

moment@^2.30.1:
  version "2.30.1"
  resolved "https://registry.yarnpkg.com/moment/-/moment-2.30.1.tgz#f8c91c07b7a786e30c59926df530b4eac96974ae"
  integrity sha512-uEmtNhbDOrWPFS+hdjFCBfy9f2YoyzRpwcl+DqpC6taX21FzsTLQVbMV/W7PzNSX6x/bhC1zA3c2UQ5NzH6how==

moment@^2.9.0:
  version "2.29.4"
  resolved "https://registry.yarnpkg.com/moment/-/moment-2.29.4.tgz#3dbe052889fe7c1b2ed966fcb3a77328964ef108"
  integrity sha512-5LC9SOxjSc2HF6vO2CyuTDNivEdoz2IvyJJGj6X8DJ0eFyfszE0QiEd+iXmBvUP3WHxSjFH/vIsA0EN00cgr8w==

select2@^4.0.13:
  version "4.0.13"
  resolved "https://registry.yarnpkg.com/select2/-/select2-4.0.13.tgz#0dbe377df3f96167c4c1626033e924372d8ef44d"
  integrity sha512-1JeB87s6oN/TDxQQYCvS5EFoQyvV6eYMZZ0AeA4tdFDYWN3BAGZ8npr17UBFddU0lgAt3H0yjX3X6/ekOj1yjw==

sweetalert2@^11.14.1:
  version "11.14.4"
  resolved "https://registry.yarnpkg.com/sweetalert2/-/sweetalert2-11.14.4.tgz#0186439674ea4f15991e41cea3af203ee497853c"
  integrity sha512-8QMzjxCuinwm18EK5AtYvuhP+lRMRxTWVXy8om9wGlULsXSI4TD29kyih3VYrSXMMBlD4EShFvNC7slhTC7j0w==

timeago@^1.6.7:
  version "1.6.7"
  resolved "https://registry.yarnpkg.com/timeago/-/timeago-1.6.7.tgz#afd467c29a911e697fc22a81888c7c3022783cb5"
  integrity sha512-FikcjN98+ij0siKH4VO4dZ358PR3oDDq4Vdl1+sN9gWz1/+JXGr3uZbUShYH/hL7bMhcTpPbplJU5Tej4b4jbQ==
  dependencies:
    jquery ">=1.5.0 <4.0"
