# THIS IS AN AUTOGENERATED FILE. DO NOT EDIT THIS FILE DIRECTLY.
# yarn lockfile v1


"@abp/aspnetcore.mvc.ui.theme.basic@~9.3.0-rc.1":
  version "9.3.0-rc.1"
  resolved "https://registry.yarnpkg.com/@abp/aspnetcore.mvc.ui.theme.basic/-/aspnetcore.mvc.ui.theme.basic-9.3.0-rc.1.tgz#649e3e7c3cb77946783b93567c4a6333482dee8e"
  integrity sha512-r1lZdQMOqRqFayB/Hg3LtMruCH6DB5hxk5C8CcwifjtC9b8mwXpqepDY0WE+ujaDjYuNkWeK1WzUUACPsvqO5w==
  dependencies:
    "@abp/aspnetcore.mvc.ui.theme.shared" "~9.3.0-rc.1"

"@abp/aspnetcore.mvc.ui.theme.shared@~9.3.0-rc.1":
  version "9.3.0-rc.1"
  resolved "https://registry.yarnpkg.com/@abp/aspnetcore.mvc.ui.theme.shared/-/aspnetcore.mvc.ui.theme.shared-9.3.0-rc.1.tgz#9ef2c2d7e058f5ff4c0f02eed493b7c170891ad5"
  integrity sha512-+JjlPQJZgnyVIQ4Ejfp0pmzZI51Z8uzolo0JwX624U18BHUz76emDB611FYIinBCirfwDZlNolPs75IIor6GOg==
  dependencies:
    "@abp/aspnetcore.mvc.ui" "~9.3.0-rc.1"
    "@abp/bootstrap" "~9.3.0-rc.1"
    "@abp/bootstrap-datepicker" "~9.3.0-rc.1"
    "@abp/bootstrap-daterangepicker" "~9.3.0-rc.1"
    "@abp/datatables.net-bs5" "~9.3.0-rc.1"
    "@abp/font-awesome" "~9.3.0-rc.1"
    "@abp/jquery-form" "~9.3.0-rc.1"
    "@abp/jquery-validation-unobtrusive" "~9.3.0-rc.1"
    "@abp/lodash" "~9.3.0-rc.1"
    "@abp/luxon" "~9.3.0-rc.1"
    "@abp/malihu-custom-scrollbar-plugin" "~9.3.0-rc.1"
    "@abp/moment" "~9.3.0-rc.1"
    "@abp/select2" "~9.3.0-rc.1"
    "@abp/sweetalert2" "~9.3.0-rc.1"
    "@abp/timeago" "~9.3.0-rc.1"

"@abp/aspnetcore.mvc.ui@~9.3.0-rc.1":
  version "9.3.0-rc.1"
  resolved "https://registry.yarnpkg.com/@abp/aspnetcore.mvc.ui/-/aspnetcore.mvc.ui-9.3.0-rc.1.tgz#5fa155f8351b74790503060a2d4ea1b4f699c1e6"
  integrity sha512-l3d7HaMWqtWdXBPPHzwh5IAKUYasTIooI1OGnGZjrKrZ6gayIYhLvmZ5M9i0CFZPki41sj2m+Y2Tr6Du+mGVfA==
  dependencies:
    ansi-colors "^4.1.3"

"@abp/blogging@~9.3.0-rc.1":
  version "9.3.0-rc.1"
  resolved "https://registry.yarnpkg.com/@abp/blogging/-/blogging-9.3.0-rc.1.tgz#6bc2ca73b57f683523652f22c7657db12b6cf4e3"
  integrity sha512-cgSj2JEo91n66BAV3+/k/sASXRGfSDjIcg68eIDnHvFHIQTatx+EEjgNvia9/Sp2B6BYm97Ay4ckbfFNRAg93Q==
  dependencies:
    "@abp/aspnetcore.mvc.ui.theme.shared" "~9.3.0-rc.1"
    "@abp/owl.carousel" "~9.3.0-rc.1"
    "@abp/prismjs" "~9.3.0-rc.1"
    "@abp/tui-editor" "~9.3.0-rc.1"

"@abp/bootstrap-datepicker@~9.3.0-rc.1":
  version "9.3.0-rc.1"
  resolved "https://registry.yarnpkg.com/@abp/bootstrap-datepicker/-/bootstrap-datepicker-9.3.0-rc.1.tgz#7c232d14134f4f9849dbaf85ecf97dda8c5b889c"
  integrity sha512-JSFeLSfrqS/6eZXAf12myzg7RhDVZ5e2FJxNwPqXsqZhH5EOi1XyF+7dOZIc40C3TbitwzKTQglKydcmFAtozA==
  dependencies:
    bootstrap-datepicker "^1.10.0"

"@abp/bootstrap-daterangepicker@~9.3.0-rc.1":
  version "9.3.0-rc.1"
  resolved "https://registry.yarnpkg.com/@abp/bootstrap-daterangepicker/-/bootstrap-daterangepicker-9.3.0-rc.1.tgz#d0dbbe9a90388e1164b3d74faa506fa6be561971"
  integrity sha512-FSo7d6yLUBsCPJr0Y0Mo8GGxyxSQcgK+8KOOzR8g2NsqF2u1X/Ge7FxnetuzTorKAtKglIYSK5KZWmtXw+2Ujg==
  dependencies:
    bootstrap-daterangepicker "^3.1.0"

"@abp/bootstrap@~9.3.0-rc.1":
  version "9.3.0-rc.1"
  resolved "https://registry.yarnpkg.com/@abp/bootstrap/-/bootstrap-9.3.0-rc.1.tgz#adad9b3e5f960ba0b47ac5f63afcde523f1d49cd"
  integrity sha512-VjPhrLvVzP3qikAuTfSZDXgYtuSLb76+uNgIv0Bd5gsiAfYtYQ5k6OQGkPyNQZI13oYyegf/arAcLtaW1m9c2w==
  dependencies:
    "@abp/core" "~9.3.0-rc.1"
    bootstrap "^5.3.3"

"@abp/clipboard@~9.3.0-rc.1":
  version "9.3.0-rc.1"
  resolved "https://registry.yarnpkg.com/@abp/clipboard/-/clipboard-9.3.0-rc.1.tgz#ee71a9f7d9bfa2983246471856d9b49881157cf2"
  integrity sha512-mm0laSC0OQkn5m3Wg6zFqFrqH7+fPOQYwaZltbeWJ48i0In44j0On6CsqtBmQ+stB5etdPOXJaIOgYm8eSle9A==
  dependencies:
    "@abp/core" "~9.3.0-rc.1"
    clipboard "^2.0.11"

"@abp/core@~9.3.0-rc.1":
  version "9.3.0-rc.1"
  resolved "https://registry.yarnpkg.com/@abp/core/-/core-9.3.0-rc.1.tgz#be56a61f793510daabc36a070227052f040a36bd"
  integrity sha512-eXzkeD/aqH8ssfG0sywKhvchIsNFgOwR12ctNw2EfzoBDAPkycu3WUnZbB5yIpbl7JXxqYcxYevGRuTWGXl1tA==
  dependencies:
    "@abp/utils" "~9.3.0-rc.1"

"@abp/datatables.net-bs5@~9.3.0-rc.1":
  version "9.3.0-rc.1"
  resolved "https://registry.yarnpkg.com/@abp/datatables.net-bs5/-/datatables.net-bs5-9.3.0-rc.1.tgz#98cebb8f7be5e8b6a6460028f289574c45fa3d42"
  integrity sha512-Th8O4cg7S0Aac80oGBx/TQN8JTqEPPpAH/QHxyj7WGEeyD4squsuIPEbR4uKZ+igUeTl8em1UjKwn20ETTUWmw==
  dependencies:
    "@abp/datatables.net" "~9.3.0-rc.1"
    datatables.net-bs5 "^2.1.8"

"@abp/datatables.net@~9.3.0-rc.1":
  version "9.3.0-rc.1"
  resolved "https://registry.yarnpkg.com/@abp/datatables.net/-/datatables.net-9.3.0-rc.1.tgz#fd03b526c726a5b06d9a2221e7b836707642155e"
  integrity sha512-47sqHWc69e2ADUNlmcFoIEmuCUrtnaxSX9b+qnDdRMlcg2KNdXoj1nIYarYbswUDP27CVKqEAuzMqwpuFpoWaQ==
  dependencies:
    "@abp/jquery" "~9.3.0-rc.1"
    datatables.net "^2.1.8"

"@abp/font-awesome@~9.3.0-rc.1":
  version "9.3.0-rc.1"
  resolved "https://registry.yarnpkg.com/@abp/font-awesome/-/font-awesome-9.3.0-rc.1.tgz#6fb1fd33a428e64abf103054878c3be22e66e43f"
  integrity sha512-F4MxlzhQgYr+EUc7eJSed6Xu2gbj9hUYNy5W0jYke7ajv9tcMavrxn0DGEA3KIHBL3PUmiIj4SwT2dudiefMJA==
  dependencies:
    "@abp/core" "~9.3.0-rc.1"
    "@fortawesome/fontawesome-free" "^6.6.0"

"@abp/jquery-form@~9.3.0-rc.1":
  version "9.3.0-rc.1"
  resolved "https://registry.yarnpkg.com/@abp/jquery-form/-/jquery-form-9.3.0-rc.1.tgz#7e937cecdc3142429ccd40bee86d178ab49dc055"
  integrity sha512-CRQCVTdrzFvlIxpFhOe5OavdBhRom33CW70WOIeV9eIvwr5iqRmdjWvP5ug7PIKxx7k2k7BDarBa3SWrB+KKig==
  dependencies:
    "@abp/jquery" "~9.3.0-rc.1"
    jquery-form "^4.3.0"

"@abp/jquery-validation-unobtrusive@~9.3.0-rc.1":
  version "9.3.0-rc.1"
  resolved "https://registry.yarnpkg.com/@abp/jquery-validation-unobtrusive/-/jquery-validation-unobtrusive-9.3.0-rc.1.tgz#d14cdb04f69349eabdd3dea44057883cf84d72a7"
  integrity sha512-vT31DIEsSDx+/JOM+i4tPwcxMm9/Y9ZmvpnpWcos1e/iUSDYhKWq/tddX2iR8r/MQgQs0TVuMI8eLUmIwfTGfg==
  dependencies:
    "@abp/jquery-validation" "~9.3.0-rc.1"
    jquery-validation-unobtrusive "^4.0.0"

"@abp/jquery-validation@~9.3.0-rc.1":
  version "9.3.0-rc.1"
  resolved "https://registry.yarnpkg.com/@abp/jquery-validation/-/jquery-validation-9.3.0-rc.1.tgz#f200569f28142a2c7e47af45a851903f1bc8571c"
  integrity sha512-s90j9U/Uct/0AiSb0SxRwMDR6nyEFCodyrnkjDZ6O6wpGtFBnPI14BLptvr4SllW8Cm85dSBC4nGz5pL7TAm3w==
  dependencies:
    "@abp/jquery" "~9.3.0-rc.1"
    jquery-validation "^1.21.0"

"@abp/jquery@~9.3.0-rc.1":
  version "9.3.0-rc.1"
  resolved "https://registry.yarnpkg.com/@abp/jquery/-/jquery-9.3.0-rc.1.tgz#f37ab324f87251df2800ad3816cc16cdc0546f03"
  integrity sha512-GwNfTtkpqQ5NloCAgHmb0jT8ZvRpvXy3TQq/0qUVz9+8w6L0hpCoF+w6fk5HQjVslmHWuLnPma80YyReMKCqAQ==
  dependencies:
    "@abp/core" "~9.3.0-rc.1"
    jquery "~3.7.1"

"@abp/lodash@~9.3.0-rc.1":
  version "9.3.0-rc.1"
  resolved "https://registry.yarnpkg.com/@abp/lodash/-/lodash-9.3.0-rc.1.tgz#46720281f1485eef88e93c6c030a75d426b00fc6"
  integrity sha512-i+XKW1L/ZQwRJpt8kG9XHL+o69jVnyWEcPKbvbGAAGK7DZBH0D3zHzXjoGYsjR/QulWNXmUr2/KJfeUo4VZqDw==
  dependencies:
    "@abp/core" "~9.3.0-rc.1"
    lodash "^4.17.21"

"@abp/luxon@~9.3.0-rc.1":
  version "9.3.0-rc.1"
  resolved "https://registry.yarnpkg.com/@abp/luxon/-/luxon-9.3.0-rc.1.tgz#eeb2c899f88635ceee8f60f5918ad7bff88506af"
  integrity sha512-Xz601losjcTEgBrqzy/LfZiK+9HvmfKwWqhaPNgGzd0IR92/3WBuLIvqIETVjd9ue5ec7dcd3o6HfeNzdUwXqQ==
  dependencies:
    "@abp/core" "~9.3.0-rc.1"
    luxon "^3.5.0"

"@abp/malihu-custom-scrollbar-plugin@~9.3.0-rc.1":
  version "9.3.0-rc.1"
  resolved "https://registry.yarnpkg.com/@abp/malihu-custom-scrollbar-plugin/-/malihu-custom-scrollbar-plugin-9.3.0-rc.1.tgz#4fe06e29f0a3aee328f8aa655a3ee672e4b2fba3"
  integrity sha512-r88KhGRqd2EY+wUYSH0JuTihX+m6ReVCv/IxWymaGQndHkRfUoZK/u+96jpP4CtapPrWvgtjVDe0XYdYs5v9aA==
  dependencies:
    "@abp/core" "~9.3.0-rc.1"
    malihu-custom-scrollbar-plugin "^3.1.5"

"@abp/moment@~9.3.0-rc.1":
  version "9.3.0-rc.1"
  resolved "https://registry.yarnpkg.com/@abp/moment/-/moment-9.3.0-rc.1.tgz#09721a96eac42ef415b1e660f1a02ace9657c668"
  integrity sha512-JKHftVm65mzK4wn0vpHsHtqdGgrthzO/IXV30mSZs1vgVxZNlDCYQ3cr2+oeAnCjg+Ec1QMwfPnIrAqy48iG5w==
  dependencies:
    moment "^2.30.1"

"@abp/owl.carousel@~9.3.0-rc.1":
  version "9.3.0-rc.1"
  resolved "https://registry.yarnpkg.com/@abp/owl.carousel/-/owl.carousel-9.3.0-rc.1.tgz#2875a010f4ec4967964137b9fe941c36fb987706"
  integrity sha512-wFHNAlWnb8XM3tIrOFl8smSYYnQmjh3x75Qlq9L80ICAVO5lDNkFisa7vmRP5xbE9FylhuKad7PoM6PAaIVBGQ==
  dependencies:
    "@abp/core" "~9.3.0-rc.1"
    owl.carousel "^2.3.4"

"@abp/prismjs@~9.3.0-rc.1":
  version "9.3.0-rc.1"
  resolved "https://registry.yarnpkg.com/@abp/prismjs/-/prismjs-9.3.0-rc.1.tgz#7d2dba62467475f4f43ce1d951b4c704d22dfcd7"
  integrity sha512-9R28n3iIbB9fkjklNXf147yLlopfFYisEtuL1p6Rhon3iRYK7kUEdg3GdM/GdiQVaDkLXJWgAK8/jU6bK+vQiw==
  dependencies:
    "@abp/clipboard" "~9.3.0-rc.1"
    "@abp/core" "~9.3.0-rc.1"
    prismjs "^1.29.0"

"@abp/select2@~9.3.0-rc.1":
  version "9.3.0-rc.1"
  resolved "https://registry.yarnpkg.com/@abp/select2/-/select2-9.3.0-rc.1.tgz#b95bf68bbc5aa3788dd443dc54a1c7dd2326614f"
  integrity sha512-wBXjfOi5bxp3MtpOUgC5UzOa7rnRmkD6EdwgsX2ellTKJlcm2omJs6cV24pZQ+2HFj4GBWh78OpSBL9OV3IoXg==
  dependencies:
    "@abp/core" "~9.3.0-rc.1"
    select2 "^4.0.13"

"@abp/sweetalert2@~9.3.0-rc.1":
  version "9.3.0-rc.1"
  resolved "https://registry.yarnpkg.com/@abp/sweetalert2/-/sweetalert2-9.3.0-rc.1.tgz#4b223a2a205becb781421df63504f4914657eedb"
  integrity sha512-/e7F5bzQbIGtJnAanAfv/YOyAwrwRyLx26zmH0z4zpK6uSgpYrEM8r0KfLoPiZACs3bN5GU1zXEerfhcoZ6H1g==
  dependencies:
    "@abp/core" "~9.3.0-rc.1"
    sweetalert2 "^11.14.1"

"@abp/timeago@~9.3.0-rc.1":
  version "9.3.0-rc.1"
  resolved "https://registry.yarnpkg.com/@abp/timeago/-/timeago-9.3.0-rc.1.tgz#48456854ac09d26ef3e9b9a98829214e7fed5c47"
  integrity sha512-xjZRGUcykNB21YbetgOISD+ePBgY0PorrZK9DaE5Q4fnzl1+/slTT26NAakFxDc8YmNoslxjcGu5Yrgihs0sIg==
  dependencies:
    "@abp/jquery" "~9.3.0-rc.1"
    timeago "^1.6.7"

"@abp/tui-editor@~9.3.0-rc.1":
  version "9.3.0-rc.1"
  resolved "https://registry.yarnpkg.com/@abp/tui-editor/-/tui-editor-9.3.0-rc.1.tgz#a0017b22dfc5b09493789da2b49fa52a9fa769a5"
  integrity sha512-Blrpb0c3ZskKEb5xivG8BcSfcWgFosLbsWaw03AHJ5qzZ5GF9GAqWr8UtqqxOB8EDJCdtKh64VldsY6WK63Vfg==
  dependencies:
    "@abp/jquery" "~9.3.0-rc.1"
    "@abp/prismjs" "~9.3.0-rc.1"

"@abp/utils@~9.3.0-rc.1":
  version "9.3.0-rc.1"
  resolved "https://registry.yarnpkg.com/@abp/utils/-/utils-9.3.0-rc.1.tgz#d93c3be3df3cf12c3ef4b43c1bb75dd86f7b6575"
  integrity sha512-qLcgFT+i7Zhq30mAQZGCCCfkoWJHlrhpo6PQKBzoENT9UNADMPtwDF8VDw4SSxqpO8xhcktREjDrQDWy26Bc4g==
  dependencies:
    just-compare "^2.3.0"

"@fortawesome/fontawesome-free@^6.6.0":
  version "6.6.0"
  resolved "https://registry.yarnpkg.com/@fortawesome/fontawesome-free/-/fontawesome-free-6.6.0.tgz#0e984f0f2344ee513c185d87d77defac4c0c8224"
  integrity sha512-60G28ke/sXdtS9KZCpZSHHkCbdsOGEhIUGlwq6yhY74UpTiToIh8np7A8yphhM4BWsvNFtIvLpi4co+h9Mr9Ow==

ansi-colors@^4.1.3:
  version "4.1.3"
  resolved "https://registry.yarnpkg.com/ansi-colors/-/ansi-colors-4.1.3.tgz#37611340eb2243e70cc604cad35d63270d48781b"
  integrity sha512-/6w/C21Pm1A7aZitlI5Ni/2J6FFQN8i1Cvz3kHABAAbw93v/NlvKdVOqz7CCWz/3iv/JplRSEEZ83XION15ovw==

bootstrap-datepicker@^1.10.0:
  version "1.10.0"
  resolved "https://registry.yarnpkg.com/bootstrap-datepicker/-/bootstrap-datepicker-1.10.0.tgz#61612bbe8bf0a69a5bce32bbcdda93ebb6ccf24a"
  integrity sha512-lWxtSYddAQOpbAO8UhYhHLcK6425eWoSjb5JDvZU3ePHEPF6A3eUr51WKaFy4PccU19JRxUG6wEU3KdhtKfvpg==
  dependencies:
    jquery ">=3.4.0 <4.0.0"

bootstrap-daterangepicker@^3.1.0:
  version "3.1.0"
  resolved "https://registry.yarnpkg.com/bootstrap-daterangepicker/-/bootstrap-daterangepicker-3.1.0.tgz#632e6fb2de4b6360c5c0a9d5f6adb9aace051fe8"
  integrity sha512-oaQZx6ZBDo/dZNyXGVi2rx5GmFXThyQLAxdtIqjtLlYVaQUfQALl5JZMJJZzyDIX7blfy4ppZPAJ10g8Ma4d/g==
  dependencies:
    jquery ">=1.10"
    moment "^2.9.0"

bootstrap@^5.3.3:
  version "5.3.3"
  resolved "https://registry.yarnpkg.com/bootstrap/-/bootstrap-5.3.3.tgz#de35e1a765c897ac940021900fcbb831602bac38"
  integrity sha512-8HLCdWgyoMguSO9o+aH+iuZ+aht+mzW0u3HIMzVu7Srrpv7EBBxTnrFlSCskwdY1+EOFQSm7uMJhNQHkdPcmjg==

clipboard@^2.0.11:
  version "2.0.11"
  resolved "https://registry.yarnpkg.com/clipboard/-/clipboard-2.0.11.tgz#62180360b97dd668b6b3a84ec226975762a70be5"
  integrity sha512-C+0bbOqkezLIsmWSvlsXS0Q0bmkugu7jcfMIACB+RDEntIzQIkdr148we28AfSloQLRdZlYL/QYyrq05j/3Faw==
  dependencies:
    good-listener "^1.2.2"
    select "^1.1.2"
    tiny-emitter "^2.0.0"

datatables.net-bs5@^2.1.8:
  version "2.1.8"
  resolved "https://registry.yarnpkg.com/datatables.net-bs5/-/datatables.net-bs5-2.1.8.tgz#860717c4ee85ecb84812ba9a73fb1204aa2a68b6"
  integrity sha512-YlGws8eI3iw/1AmKJH18+YMzm/UgGb6o9s14KAC24QT1/8anolm8GnVAgGcwUcvHm3hn1i8A5QXqgbqeMRINeg==
  dependencies:
    datatables.net "2.1.8"
    jquery ">=1.7"

datatables.net@2.1.8, datatables.net@^2.1.8:
  version "2.1.8"
  resolved "https://registry.yarnpkg.com/datatables.net/-/datatables.net-2.1.8.tgz#9b020f18e927cc924d72411f62dc595cc688669b"
  integrity sha512-47ULt+U4bcjbuGTpTlT6SnCuSFVRBxxdWa6X3NfvTObBJ2BZU0o+JUIl05wQ6cABNIavjbAV51gpgvFsMHL9zA==
  dependencies:
    jquery ">=1.7"

delegate@^3.1.2:
  version "3.2.0"
  resolved "https://registry.yarnpkg.com/delegate/-/delegate-3.2.0.tgz#b66b71c3158522e8ab5744f720d8ca0c2af59166"
  integrity sha512-IofjkYBZaZivn0V8nnsMJGBr4jVLxHDheKSW88PyxS5QC4Vo9ZbZVvhzlSxY87fVq3STR6r+4cGepyHkcWOQSw==

good-listener@^1.2.2:
  version "1.2.2"
  resolved "https://registry.yarnpkg.com/good-listener/-/good-listener-1.2.2.tgz#d53b30cdf9313dffb7dc9a0d477096aa6d145c50"
  integrity sha512-goW1b+d9q/HIwbVYZzZ6SsTr4IgE+WA44A0GmPIQstuOrgsFcT7VEJ48nmr9GaRtNu0XTKacFLGnBPAM6Afouw==
  dependencies:
    delegate "^3.1.2"

jquery-form@^4.3.0:
  version "4.3.0"
  resolved "https://registry.yarnpkg.com/jquery-form/-/jquery-form-4.3.0.tgz#7d3961c314a1f2d15298f4af1d3943f54f4149c6"
  integrity sha512-q3uaVCEWdLOYUCI6dpNdwf/7cJFOsUgdpq6r0taxtGQ5NJSkOzofyWm4jpOuJ5YxdmL1FI5QR+q+HB63HHLGnQ==
  dependencies:
    jquery ">=1.7.2"

jquery-mousewheel@>=3.0.6:
  version "3.1.13"
  resolved "https://registry.yarnpkg.com/jquery-mousewheel/-/jquery-mousewheel-3.1.13.tgz#06f0335f16e353a695e7206bf50503cb523a6ee5"
  integrity sha512-GXhSjfOPyDemM005YCEHvzrEALhKDIswtxSHSR2e4K/suHVJKJxxRCGz3skPjNxjJjQa9AVSGGlYjv1M3VLIPg==

jquery-validation-unobtrusive@^4.0.0:
  version "4.0.0"
  resolved "https://registry.yarnpkg.com/jquery-validation-unobtrusive/-/jquery-validation-unobtrusive-4.0.0.tgz#dfcf25a558496a2c883db6021d10f5398d15f99d"
  integrity sha512-1ervYFFv6LX/rp7ktuLnMakHNG0piNRDyROI8Ir3hL1vPIwylAehB1AY3BPrYJnzW3WmwWryZq+Bz4sazZK9iQ==
  dependencies:
    jquery "^3.6.0"
    jquery-validation ">=1.19"

jquery-validation@>=1.19, jquery-validation@^1.21.0:
  version "1.21.0"
  resolved "https://registry.yarnpkg.com/jquery-validation/-/jquery-validation-1.21.0.tgz#78fc05ab76020912a246af3661b3f54a438bca93"
  integrity sha512-xNot0rlUIgu7duMcQ5qb6MGkGL/Z1PQaRJQoZAURW9+a/2PGOUxY36o/WyNeP2T9R6jvWB8Z9lUVvvQWI/Zs5w==

jquery@>=1.10, "jquery@>=1.5.0 <4.0", jquery@>=1.7, jquery@>=1.7.2, jquery@>=1.8.3:
  version "3.6.4"
  resolved "https://registry.yarnpkg.com/jquery/-/jquery-3.6.4.tgz#ba065c188142100be4833699852bf7c24dc0252f"
  integrity sha512-v28EW9DWDFpzcD9O5iyJXg3R3+q+mET5JhnjJzQUZMHOv67bpSIHq81GEYpPNZHG+XXHsfSme3nxp/hndKEcsQ==

"jquery@>=3.4.0 <4.0.0", jquery@^3.6.0, jquery@~3.7.1:
  version "3.7.1"
  resolved "https://registry.yarnpkg.com/jquery/-/jquery-3.7.1.tgz#083ef98927c9a6a74d05a6af02806566d16274de"
  integrity sha512-m4avr8yL8kmFN8psrbFFFmB/If14iN5o9nw/NgnnM+kybDJpRsAynV2BsfpTYrTRysYUdADVD7CkUUizgkpLfg==

just-compare@^2.3.0:
  version "2.3.0"
  resolved "https://registry.yarnpkg.com/just-compare/-/just-compare-2.3.0.tgz#a2adcc1d1940536263275f5a1ef1298bcacfeda7"
  integrity sha512-6shoR7HDT+fzfL3gBahx1jZG3hWLrhPAf+l7nCwahDdT9XDtosB9kIF0ZrzUp5QY8dJWfQVr5rnsPqsbvflDzg==

lodash@^4.17.21:
  version "4.17.21"
  resolved "https://registry.yarnpkg.com/lodash/-/lodash-4.17.21.tgz#679591c564c3bffaae8454cf0b3df370c3d6911c"
  integrity sha512-v2kDEe57lecTulaDIuNTPy3Ry4gLGJ6Z1O3vE1krgXZNrsQ+LFTGHVxVjcXPs17LhbZVGedAJv8XZ1tvj5FvSg==

luxon@^3.5.0:
  version "3.5.0"
  resolved "https://registry.yarnpkg.com/luxon/-/luxon-3.5.0.tgz#6b6f65c5cd1d61d1fd19dbf07ee87a50bf4b8e20"
  integrity sha512-rh+Zjr6DNfUYR3bPwJEnuwDdqMbxZW7LOQfUN4B54+Cl+0o5zaU9RJ6bcidfDtC1cWCZXQ+nvX8bf6bAji37QQ==

malihu-custom-scrollbar-plugin@^3.1.5:
  version "3.1.5"
  resolved "https://registry.yarnpkg.com/malihu-custom-scrollbar-plugin/-/malihu-custom-scrollbar-plugin-3.1.5.tgz#310cecc5e59415a1c29e9dfb5d2b6e01d66a29ef"
  integrity sha512-lwW3LgI+CNDMPnP4ED2la6oYxWMkCXlnhex+s2wuOLhFDFGnGmQuTQVdRK9bvDLpxs10sGlfErVufJy9ztfgJQ==
  dependencies:
    jquery-mousewheel ">=3.0.6"

moment@^2.30.1:
  version "2.30.1"
  resolved "https://registry.yarnpkg.com/moment/-/moment-2.30.1.tgz#f8c91c07b7a786e30c59926df530b4eac96974ae"
  integrity sha512-uEmtNhbDOrWPFS+hdjFCBfy9f2YoyzRpwcl+DqpC6taX21FzsTLQVbMV/W7PzNSX6x/bhC1zA3c2UQ5NzH6how==

moment@^2.9.0:
  version "2.29.4"
  resolved "https://registry.yarnpkg.com/moment/-/moment-2.29.4.tgz#3dbe052889fe7c1b2ed966fcb3a77328964ef108"
  integrity sha512-5LC9SOxjSc2HF6vO2CyuTDNivEdoz2IvyJJGj6X8DJ0eFyfszE0QiEd+iXmBvUP3WHxSjFH/vIsA0EN00cgr8w==

owl.carousel@^2.3.4:
  version "2.3.4"
  resolved "https://registry.yarnpkg.com/owl.carousel/-/owl.carousel-2.3.4.tgz#6c53dc8d24304b790e4f27a1dc4a655e973ccdc9"
  integrity sha512-JaDss9+feAvEW8KZppPSpllfposEzQiW+Ytt/Xm5t/3CTJ7YVmkh6RkWixoA2yXk2boIwedYxOvrrppIGzru9A==
  dependencies:
    jquery ">=1.8.3"

prismjs@^1.29.0:
  version "1.29.0"
  resolved "https://registry.yarnpkg.com/prismjs/-/prismjs-1.29.0.tgz#f113555a8fa9b57c35e637bba27509dcf802dd12"
  integrity sha512-Kx/1w86q/epKcmte75LNrEoT+lX8pBpavuAbvJWRXar7Hz8jrtF+e3vY751p0R8H9HdArwaCTNDDzHg/ScJK1Q==

select2@^4.0.13:
  version "4.0.13"
  resolved "https://registry.yarnpkg.com/select2/-/select2-4.0.13.tgz#0dbe377df3f96167c4c1626033e924372d8ef44d"
  integrity sha512-1JeB87s6oN/TDxQQYCvS5EFoQyvV6eYMZZ0AeA4tdFDYWN3BAGZ8npr17UBFddU0lgAt3H0yjX3X6/ekOj1yjw==

select@^1.1.2:
  version "1.1.2"
  resolved "https://registry.yarnpkg.com/select/-/select-1.1.2.tgz#0e7350acdec80b1108528786ec1d4418d11b396d"
  integrity sha512-OwpTSOfy6xSs1+pwcNrv0RBMOzI39Lp3qQKUTPVVPRjCdNa5JH/oPRiqsesIskK8TVgmRiHwO4KXlV2Li9dANA==

sweetalert2@^11.14.1:
  version "11.14.4"
  resolved "https://registry.yarnpkg.com/sweetalert2/-/sweetalert2-11.14.4.tgz#0186439674ea4f15991e41cea3af203ee497853c"
  integrity sha512-8QMzjxCuinwm18EK5AtYvuhP+lRMRxTWVXy8om9wGlULsXSI4TD29kyih3VYrSXMMBlD4EShFvNC7slhTC7j0w==

timeago@^1.6.7:
  version "1.6.7"
  resolved "https://registry.yarnpkg.com/timeago/-/timeago-1.6.7.tgz#afd467c29a911e697fc22a81888c7c3022783cb5"
  integrity sha512-FikcjN98+ij0siKH4VO4dZ358PR3oDDq4Vdl1+sN9gWz1/+JXGr3uZbUShYH/hL7bMhcTpPbplJU5Tej4b4jbQ==
  dependencies:
    jquery ">=1.5.0 <4.0"

tiny-emitter@^2.0.0:
  version "2.1.0"
  resolved "https://registry.yarnpkg.com/tiny-emitter/-/tiny-emitter-2.1.0.tgz#1d1a56edfc51c43e863cbb5382a72330e3555423"
  integrity sha512-NB6Dk1A9xgQPMoGqC5CVXn123gWyte215ONT5Pp5a0yt4nlEoO1ZWeCwpncaekPHXO60i47ihFnZPiRPjRMq4Q==
